<?xml version="1.0" encoding="UTF-8"?>
<!DOCTYPE plist PUBLIC "-//Apple//DTD PLIST 1.0//EN" "http://www.apple.com/DTDs/PropertyList-1.0.dtd">
<plist version="1.0">
<dict>
	<key>archiveVersion</key>
	<string>1</string>
	<key>classes</key>
	<dict/>
	<key>objectVersion</key>
	<string>46</string>
	<key>objects</key>
	<dict>
		<key>08855864B415677B2DDC52DD</key>
		<dict>
			<key>includeInIndex</key>
			<string>1</string>
			<key>isa</key>
			<string>PBXFileReference</string>
			<key>lastKnownFileType</key>
			<string>text.xcconfig</string>
			<key>name</key>
			<string>Pods-KingTidesTests.release.xcconfig</string>
			<key>path</key>
			<string>../Pods/Target Support Files/Pods-KingTidesTests/Pods-KingTidesTests.release.xcconfig</string>
			<key>sourceTree</key>
			<string>&lt;group&gt;</string>
		</dict>
		<key>1B09B32F07FA468492CDCDF7</key>
		<dict>
			<key>fileRef</key>
			<string>275F62F30E5446AF947144A0</string>
			<key>isa</key>
			<string>PBXBuildFile</string>
		</dict>
		<key>275F62F30E5446AF947144A0</key>
		<dict>
			<key>explicitFileType</key>
			<string>archive.ar</string>
			<key>includeInIndex</key>
			<string>0</string>
			<key>isa</key>
			<string>PBXFileReference</string>
			<key>path</key>
			<string>libPods-KingTidesTests.a</string>
			<key>sourceTree</key>
			<string>BUILT_PRODUCTS_DIR</string>
		</dict>
		<key>2AC59A65D73FCE066A11FB52</key>
		<dict>
			<key>includeInIndex</key>
			<string>1</string>
			<key>isa</key>
			<string>PBXFileReference</string>
			<key>lastKnownFileType</key>
			<string>text.xcconfig</string>
			<key>name</key>
			<string>Pods.debug.xcconfig</string>
			<key>path</key>
			<string>../Pods/Target Support Files/Pods/Pods.debug.xcconfig</string>
			<key>sourceTree</key>
			<string>&lt;group&gt;</string>
		</dict>
		<key>2DC1800171D5C879C0653B08</key>
		<dict>
			<key>fileRef</key>
			<string>2DC18955534355700B266125</string>
			<key>isa</key>
			<string>PBXBuildFile</string>
		</dict>
		<key>2DC1801C795EEDF27976CE99</key>
		<dict>
			<key>fileEncoding</key>
			<string>4</string>
			<key>isa</key>
			<string>PBXFileReference</string>
			<key>lastKnownFileType</key>
			<string>sourcecode.c.objc</string>
			<key>name</key>
			<string>KingTidesService.m</string>
			<key>path</key>
			<string>Services/KingTidesService.m</string>
			<key>sourceTree</key>
			<string>&lt;group&gt;</string>
		</dict>
		<key>2DC1803014A94FD89B2B549D</key>
		<dict>
			<key>fileEncoding</key>
			<string>4</string>
			<key>isa</key>
			<string>PBXFileReference</string>
			<key>lastKnownFileType</key>
			<string>sourcecode.c.h</string>
			<key>path</key>
			<string>UIImage+FixRotation.h</string>
			<key>sourceTree</key>
			<string>&lt;group&gt;</string>
		</dict>
		<key>2DC181CB2249AA67FBDDEA84</key>
		<dict>
			<key>children</key>
			<array>
				<string>A1C78E951853D912007E748D</string>
				<string>A1C78E961853D912007E748D</string>
				<string>A1C78E7018532561007E748D</string>
				<string>A1C78E7118532561007E748D</string>
				<string>2DC1803014A94FD89B2B549D</string>
				<string>2DC18473F8D9E0DABAACF7AD</string>
			</array>
			<key>isa</key>
			<string>PBXGroup</string>
			<key>path</key>
			<string>Categories</string>
			<key>sourceTree</key>
			<string>&lt;group&gt;</string>
		</dict>
		<key>2DC182D07BC97BB41E8544A4</key>
		<dict>
			<key>fileEncoding</key>
			<string>4</string>
			<key>isa</key>
			<string>PBXFileReference</string>
			<key>lastKnownFileType</key>
			<string>sourcecode.c.objc</string>
			<key>name</key>
			<string>Upload.m</string>
			<key>path</key>
			<string>Models/Upload.m</string>
			<key>sourceTree</key>
			<string>&lt;group&gt;</string>
		</dict>
		<key>2DC183482C93205779479EA4</key>
		<dict>
			<key>fileEncoding</key>
			<string>4</string>
			<key>isa</key>
			<string>PBXFileReference</string>
			<key>lastKnownFileType</key>
			<string>sourcecode.c.h</string>
			<key>name</key>
			<string>TideInfo.h</string>
			<key>path</key>
			<string>Models/TideInfo.h</string>
			<key>sourceTree</key>
			<string>&lt;group&gt;</string>
		</dict>
		<key>2DC183A29121BD26EBB49AA5</key>
		<dict>
			<key>fileEncoding</key>
			<string>4</string>
			<key>isa</key>
			<string>PBXFileReference</string>
			<key>lastKnownFileType</key>
			<string>sourcecode.c.h</string>
			<key>path</key>
			<string>Notifications.h</string>
			<key>sourceTree</key>
			<string>&lt;group&gt;</string>
		</dict>
		<key>2DC18473F8D9E0DABAACF7AD</key>
		<dict>
			<key>fileEncoding</key>
			<string>4</string>
			<key>isa</key>
			<string>PBXFileReference</string>
			<key>lastKnownFileType</key>
			<string>sourcecode.c.objc</string>
			<key>path</key>
			<string>UIImage+FixRotation.m</string>
			<key>sourceTree</key>
			<string>&lt;group&gt;</string>
		</dict>
		<key>2DC184B7CE2CE3A6343DD782</key>
		<dict>
			<key>fileEncoding</key>
			<string>4</string>
			<key>isa</key>
			<string>PBXFileReference</string>
			<key>lastKnownFileType</key>
			<string>sourcecode.c.h</string>
			<key>name</key>
			<string>ResilientUploader.h</string>
			<key>path</key>
			<string>Services/ResilientUploader.h</string>
			<key>sourceTree</key>
			<string>&lt;group&gt;</string>
		</dict>
		<key>2DC184F0B6C9617E215794A7</key>
		<dict>
			<key>fileRef</key>
			<string>2DC18955534355700B266125</string>
			<key>isa</key>
			<string>PBXBuildFile</string>
		</dict>
		<key>2DC185ECF888FE96CF81376B</key>
		<dict>
			<key>fileEncoding</key>
			<string>4</string>
			<key>isa</key>
			<string>PBXFileReference</string>
			<key>lastKnownFileType</key>
			<string>sourcecode.c.objc</string>
			<key>name</key>
			<string>ResilientUploader.m</string>
			<key>path</key>
			<string>Services/ResilientUploader.m</string>
			<key>sourceTree</key>
			<string>&lt;group&gt;</string>
		</dict>
		<key>2DC186D64ADA57451338369B</key>
		<dict>
			<key>fileEncoding</key>
			<string>4</string>
			<key>isa</key>
			<string>PBXFileReference</string>
			<key>lastKnownFileType</key>
			<string>sourcecode.c.h</string>
			<key>name</key>
			<string>KingTidesService.h</string>
			<key>path</key>
			<string>Services/KingTidesService.h</string>
			<key>sourceTree</key>
			<string>&lt;group&gt;</string>
		</dict>
		<key>2DC186EFF9E306F67097D20F</key>
		<dict>
			<key>fileRef</key>
			<string>2DC185ECF888FE96CF81376B</string>
			<key>isa</key>
			<string>PBXBuildFile</string>
		</dict>
		<key>2DC18771A773F30315E6EC60</key>
		<dict>
			<key>fileEncoding</key>
			<string>4</string>
			<key>isa</key>
			<string>PBXFileReference</string>
			<key>lastKnownFileType</key>
			<string>sourcecode.c.objc</string>
			<key>name</key>
			<string>TideInfo.m</string>
			<key>path</key>
			<string>Models/TideInfo.m</string>
			<key>sourceTree</key>
			<string>&lt;group&gt;</string>
		</dict>
		<key>2DC18955534355700B266125</key>
		<dict>
			<key>fileEncoding</key>
			<string>4</string>
			<key>isa</key>
			<string>PBXFileReference</string>
			<key>lastKnownFileType</key>
			<string>sourcecode.c.objc</string>
			<key>name</key>
			<string>UploadOperation.m</string>
			<key>path</key>
			<string>Services/UploadOperation.m</string>
			<key>sourceTree</key>
			<string>&lt;group&gt;</string>
		</dict>
		<key>2DC1898B83DED436ECF952FA</key>
		<dict>
			<key>fileRef</key>
			<string>2DC182D07BC97BB41E8544A4</string>
			<key>isa</key>
			<string>PBXBuildFile</string>
		</dict>
		<key>2DC189AEFD768F8E3FF8F71D</key>
		<dict>
			<key>fileRef</key>
			<string>2DC182D07BC97BB41E8544A4</string>
			<key>isa</key>
			<string>PBXBuildFile</string>
		</dict>
		<key>2DC18B37043B66B94E3A522D</key>
		<dict>
			<key>fileRef</key>
			<string>2DC185ECF888FE96CF81376B</string>
			<key>isa</key>
			<string>PBXBuildFile</string>
		</dict>
		<key>2DC18B57BBF3A003D1E78B68</key>
		<dict>
			<key>fileRef</key>
			<string>2DC18771A773F30315E6EC60</string>
			<key>isa</key>
			<string>PBXBuildFile</string>
		</dict>
		<key>2DC18BB0C2B0E15E46C6AC7F</key>
		<dict>
			<key>fileRef</key>
			<string>2DC1801C795EEDF27976CE99</string>
			<key>isa</key>
			<string>PBXBuildFile</string>
		</dict>
		<key>2DC18BFB162DF0FCE61B6F68</key>
		<dict>
			<key>fileEncoding</key>
			<string>4</string>
			<key>isa</key>
			<string>PBXFileReference</string>
			<key>lastKnownFileType</key>
			<string>sourcecode.c.h</string>
			<key>name</key>
			<string>UploadOperation.h</string>
			<key>path</key>
			<string>Services/UploadOperation.h</string>
			<key>sourceTree</key>
			<string>&lt;group&gt;</string>
		</dict>
		<key>2DC18C5FACDC5832856A5B99</key>
		<dict>
			<key>fileEncoding</key>
			<string>4</string>
			<key>isa</key>
			<string>PBXFileReference</string>
			<key>lastKnownFileType</key>
			<string>sourcecode.c.h</string>
			<key>name</key>
			<string>Upload.h</string>
			<key>path</key>
			<string>Models/Upload.h</string>
			<key>sourceTree</key>
			<string>&lt;group&gt;</string>
		</dict>
		<key>2DC18D303FAE81E5AD010009</key>
		<dict>
			<key>fileRef</key>
			<string>2DC18473F8D9E0DABAACF7AD</string>
			<key>isa</key>
			<string>PBXBuildFile</string>
		</dict>
		<key>2DC18EC873D5AAD1275F3D68</key>
		<dict>
			<key>children</key>
			<array>
				<string>2DC183482C93205779479EA4</string>
				<string>2DC18771A773F30315E6EC60</string>
				<string>2DC18C5FACDC5832856A5B99</string>
				<string>2DC182D07BC97BB41E8544A4</string>
			</array>
			<key>isa</key>
			<string>PBXGroup</string>
			<key>name</key>
			<string>Models</string>
			<key>sourceTree</key>
			<string>&lt;group&gt;</string>
		</dict>
		<key>2DC18EF33375825B29A613A6</key>
		<dict>
			<key>fileRef</key>
			<string>2DC1801C795EEDF27976CE99</string>
			<key>isa</key>
			<string>PBXBuildFile</string>
		</dict>
		<key>4EDA483CF262436F9AC641CF</key>
		<dict>
			<key>buildActionMask</key>
			<string>2147483647</string>
			<key>files</key>
			<array/>
			<key>inputPaths</key>
			<array/>
			<key>isa</key>
			<string>PBXShellScriptBuildPhase</string>
			<key>name</key>
			<string>Check Pods Manifest.lock</string>
			<key>outputPaths</key>
			<array/>
			<key>runOnlyForDeploymentPostprocessing</key>
			<string>0</string>
			<key>shellPath</key>
			<string>/bin/sh</string>
			<key>shellScript</key>
			<string>diff "${PODS_ROOT}/../Podfile.lock" "${PODS_ROOT}/Manifest.lock" &gt; /dev/null
if [[ $? != 0 ]] ; then
    cat &lt;&lt; EOM
error: The sandbox is not in sync with the Podfile.lock. Run 'pod install' or update your CocoaPods installation.
EOM
    exit 1
fi
</string>
			<key>showEnvVarsInLog</key>
			<string>0</string>
		</dict>
		<key>64307A66F94F3C135DB2B3A6</key>
		<dict>
			<key>children</key>
			<array>
				<string>2AC59A65D73FCE066A11FB52</string>
				<string>962E8669A26A1686D789D42C</string>
				<string>A582E61F780BEC0A9EE473BA</string>
				<string>08855864B415677B2DDC52DD</string>
			</array>
			<key>isa</key>
			<string>PBXGroup</string>
			<key>name</key>
			<string>Pods</string>
			<key>sourceTree</key>
			<string>&lt;group&gt;</string>
		</dict>
		<key>8C562782518E4AF7A4E7632C</key>
		<dict>
			<key>fileRef</key>
			<string>D9122C4D4E5D4BBC96BA43AA</string>
			<key>isa</key>
			<string>PBXBuildFile</string>
		</dict>
		<key>95F4D807AC8648658B3724E3</key>
		<dict>
			<key>buildActionMask</key>
			<string>2147483647</string>
			<key>files</key>
			<array/>
			<key>inputPaths</key>
			<array/>
			<key>isa</key>
			<string>PBXShellScriptBuildPhase</string>
			<key>name</key>
			<string>Copy Pods Resources</string>
			<key>outputPaths</key>
			<array/>
			<key>runOnlyForDeploymentPostprocessing</key>
			<string>0</string>
			<key>shellPath</key>
			<string>/bin/sh</string>
			<key>shellScript</key>
			<string>"${SRCROOT}/../Pods/Target Support Files/Pods/Pods-resources.sh"
</string>
			<key>showEnvVarsInLog</key>
			<string>0</string>
		</dict>
		<key>962E8669A26A1686D789D42C</key>
		<dict>
			<key>includeInIndex</key>
			<string>1</string>
			<key>isa</key>
			<string>PBXFileReference</string>
			<key>lastKnownFileType</key>
			<string>text.xcconfig</string>
			<key>name</key>
			<string>Pods.release.xcconfig</string>
			<key>path</key>
			<string>../Pods/Target Support Files/Pods/Pods.release.xcconfig</string>
			<key>sourceTree</key>
			<string>&lt;group&gt;</string>
		</dict>
		<key>A1C78E111852D058007E748D</key>
		<dict>
			<key>children</key>
			<array>
				<string>A1C78E231852D058007E748D</string>
				<string>A1C78E451852D058007E748D</string>
				<string>A1C78E1C1852D058007E748D</string>
				<string>A1C78E1B1852D058007E748D</string>
				<string>64307A66F94F3C135DB2B3A6</string>
			</array>
			<key>isa</key>
			<string>PBXGroup</string>
			<key>sourceTree</key>
			<string>&lt;group&gt;</string>
		</dict>
		<key>A1C78E121852D058007E748D</key>
		<dict>
			<key>attributes</key>
			<dict>
				<key>LastUpgradeCheck</key>
				<string>0500</string>
				<key>ORGANIZATIONNAME</key>
				<string>Green Cross Australia</string>
				<key>TargetAttributes</key>
				<dict>
					<key>A1C78E191852D058007E748D</key>
					<dict>
						<key>DevelopmentTeam</key>
						<string>HR4LVL7TKY</string>
					</dict>
					<key>A1C78E3D1852D058007E748D</key>
					<dict>
						<key>TestTargetID</key>
						<string>A1C78E191852D058007E748D</string>
					</dict>
				</dict>
			</dict>
			<key>buildConfigurationList</key>
			<string>A1C78E151852D058007E748D</string>
			<key>compatibilityVersion</key>
			<string>Xcode 3.2</string>
			<key>developmentRegion</key>
			<string>English</string>
			<key>hasScannedForEncodings</key>
			<string>0</string>
			<key>isa</key>
			<string>PBXProject</string>
			<key>knownRegions</key>
			<array>
				<string>en</string>
				<string>Base</string>
			</array>
			<key>mainGroup</key>
			<string>A1C78E111852D058007E748D</string>
			<key>productRefGroup</key>
			<string>A1C78E1B1852D058007E748D</string>
			<key>projectDirPath</key>
			<string></string>
			<key>projectReferences</key>
			<array/>
			<key>projectRoot</key>
			<string></string>
			<key>targets</key>
			<array>
				<string>A1C78E191852D058007E748D</string>
				<string>A1C78E3D1852D058007E748D</string>
			</array>
		</dict>
		<key>A1C78E151852D058007E748D</key>
		<dict>
			<key>buildConfigurations</key>
			<array>
				<string>A1C78E4D1852D058007E748D</string>
				<string>A1C78E4E1852D058007E748D</string>
			</array>
			<key>defaultConfigurationIsVisible</key>
			<string>0</string>
			<key>defaultConfigurationName</key>
			<string>Release</string>
			<key>isa</key>
			<string>XCConfigurationList</string>
		</dict>
		<key>A1C78E161852D058007E748D</key>
		<dict>
			<key>buildActionMask</key>
			<string>2147483647</string>
			<key>files</key>
			<array>
				<string>A1C78E75185336CA007E748D</string>
				<string>A1C78E6C1852EF28007E748D</string>
				<string>A1C78E2E1852D058007E748D</string>
				<string>A1C78E971853D912007E748D</string>
				<string>A1C78E7B1853B37C007E748D</string>
				<string>A1C78E5E1852DB09007E748D</string>
				<string>A1C78E891853B8E7007E748D</string>
				<string>A1C78E7218532561007E748D</string>
				<string>A1C78E2A1852D058007E748D</string>
				<string>2DC18D303FAE81E5AD010009</string>
				<string>A1C78E911853BC2B007E748D</string>
				<string>A1C78E651852E9AB007E748D</string>
				<string>2DC18EF33375825B29A613A6</string>
				<string>2DC186EFF9E306F67097D20F</string>
				<string>2DC1800171D5C879C0653B08</string>
				<string>2DC18B57BBF3A003D1E78B68</string>
				<string>2DC189AEFD768F8E3FF8F71D</string>
			</array>
			<key>isa</key>
			<string>PBXSourcesBuildPhase</string>
			<key>runOnlyForDeploymentPostprocessing</key>
			<string>0</string>
		</dict>
		<key>A1C78E171852D058007E748D</key>
		<dict>
			<key>buildActionMask</key>
			<string>2147483647</string>
			<key>files</key>
			<array>
				<string>A1C78E801853B478007E748D</string>
				<string>A1C78E7718533A23007E748D</string>
				<string>A1C78E201852D058007E748D</string>
				<string>A1C78E221852D058007E748D</string>
				<string>A1C78E1E1852D058007E748D</string>
				<string>8C562782518E4AF7A4E7632C</string>
			</array>
			<key>isa</key>
			<string>PBXFrameworksBuildPhase</string>
			<key>runOnlyForDeploymentPostprocessing</key>
			<string>0</string>
		</dict>
		<key>A1C78E181852D058007E748D</key>
		<dict>
			<key>buildActionMask</key>
			<string>2147483647</string>
			<key>files</key>
			<array>
				<string>A1C78E6F1852EF6C007E748D</string>
				<string>A1C78E7E1853B3C6007E748D</string>
				<string>A1C78E941853BC58007E748D</string>
				<string>A1C78E391852D058007E748D</string>
				<string>A1DE4FA31853FEBB0024D33C</string>
				<string>A1C78E9E1853E79B007E748D</string>
				<string>A1C78E611852E910007E748D</string>
				<string>A1C78E681852E9E1007E748D</string>
				<string>A1DE4FA11853F84F0024D33C</string>
				<string>A1C78EA01853E79B007E748D</string>
				<string>A1C78E281852D058007E748D</string>
				<string>A1C78E9F1853E79B007E748D</string>
				<string>A1C78E8D1853B929007E748D</string>
			</array>
			<key>isa</key>
			<string>PBXResourcesBuildPhase</string>
			<key>runOnlyForDeploymentPostprocessing</key>
			<string>0</string>
		</dict>
		<key>A1C78E191852D058007E748D</key>
		<dict>
			<key>buildConfigurationList</key>
			<string>A1C78E4F1852D058007E748D</string>
			<key>buildPhases</key>
			<array>
				<string>E06878C32FD44F1BB28836D6</string>
				<string>A1C78E161852D058007E748D</string>
				<string>A1C78E171852D058007E748D</string>
				<string>A1C78E181852D058007E748D</string>
				<string>95F4D807AC8648658B3724E3</string>
			</array>
			<key>buildRules</key>
			<array/>
			<key>dependencies</key>
			<array/>
			<key>isa</key>
			<string>PBXNativeTarget</string>
			<key>name</key>
			<string>KingTides</string>
			<key>productName</key>
			<string>KingTides</string>
			<key>productReference</key>
			<string>A1C78E1A1852D058007E748D</string>
			<key>productType</key>
			<string>com.apple.product-type.application</string>
		</dict>
		<key>A1C78E1A1852D058007E748D</key>
		<dict>
			<key>explicitFileType</key>
			<string>wrapper.application</string>
			<key>includeInIndex</key>
			<string>0</string>
			<key>isa</key>
			<string>PBXFileReference</string>
			<key>path</key>
			<string>KingTides.app</string>
			<key>sourceTree</key>
			<string>BUILT_PRODUCTS_DIR</string>
		</dict>
		<key>A1C78E1B1852D058007E748D</key>
		<dict>
			<key>children</key>
			<array>
				<string>A1C78E1A1852D058007E748D</string>
				<string>A1C78E3E1852D058007E748D</string>
			</array>
			<key>isa</key>
			<string>PBXGroup</string>
			<key>name</key>
			<string>Products</string>
			<key>sourceTree</key>
			<string>&lt;group&gt;</string>
		</dict>
		<key>A1C78E1C1852D058007E748D</key>
		<dict>
			<key>children</key>
			<array>
				<string>A1C78E7F1853B478007E748D</string>
				<string>A1C78E7618533A23007E748D</string>
				<string>A1C78E1D1852D058007E748D</string>
				<string>A1C78E1F1852D058007E748D</string>
				<string>A1C78E211852D058007E748D</string>
				<string>A1C78E3F1852D058007E748D</string>
				<string>D9122C4D4E5D4BBC96BA43AA</string>
				<string>275F62F30E5446AF947144A0</string>
			</array>
			<key>isa</key>
			<string>PBXGroup</string>
			<key>name</key>
			<string>Frameworks</string>
			<key>sourceTree</key>
			<string>&lt;group&gt;</string>
		</dict>
		<key>A1C78E1D1852D058007E748D</key>
		<dict>
			<key>isa</key>
			<string>PBXFileReference</string>
			<key>lastKnownFileType</key>
			<string>wrapper.framework</string>
			<key>name</key>
			<string>Foundation.framework</string>
			<key>path</key>
			<string>System/Library/Frameworks/Foundation.framework</string>
			<key>sourceTree</key>
			<string>SDKROOT</string>
		</dict>
		<key>A1C78E1E1852D058007E748D</key>
		<dict>
			<key>fileRef</key>
			<string>A1C78E1D1852D058007E748D</string>
			<key>isa</key>
			<string>PBXBuildFile</string>
		</dict>
		<key>A1C78E1F1852D058007E748D</key>
		<dict>
			<key>isa</key>
			<string>PBXFileReference</string>
			<key>lastKnownFileType</key>
			<string>wrapper.framework</string>
			<key>name</key>
			<string>CoreGraphics.framework</string>
			<key>path</key>
			<string>System/Library/Frameworks/CoreGraphics.framework</string>
			<key>sourceTree</key>
			<string>SDKROOT</string>
		</dict>
		<key>A1C78E201852D058007E748D</key>
		<dict>
			<key>fileRef</key>
			<string>A1C78E1F1852D058007E748D</string>
			<key>isa</key>
			<string>PBXBuildFile</string>
		</dict>
		<key>A1C78E211852D058007E748D</key>
		<dict>
			<key>isa</key>
			<string>PBXFileReference</string>
			<key>lastKnownFileType</key>
			<string>wrapper.framework</string>
			<key>name</key>
			<string>UIKit.framework</string>
			<key>path</key>
			<string>System/Library/Frameworks/UIKit.framework</string>
			<key>sourceTree</key>
			<string>SDKROOT</string>
		</dict>
		<key>A1C78E221852D058007E748D</key>
		<dict>
			<key>fileRef</key>
			<string>A1C78E211852D058007E748D</string>
			<key>isa</key>
			<string>PBXBuildFile</string>
		</dict>
		<key>A1C78E231852D058007E748D</key>
		<dict>
			<key>children</key>
			<array>
				<string>A1C78E9A1853E403007E748D</string>
				<string>A1C78E73185336C9007E748D</string>
				<string>A1C78E74185336C9007E748D</string>
				<string>A1C78E581852D95E007E748D</string>
				<string>A1C78E571852D94E007E748D</string>
				<string>A1C78E561852D922007E748D</string>
				<string>A1C78E2C1852D058007E748D</string>
				<string>A1C78E2D1852D058007E748D</string>
				<string>A1C78E381852D058007E748D</string>
				<string>A1C78E241852D058007E748D</string>
				<string>2DC181CB2249AA67FBDDEA84</string>
				<string>2DC183A29121BD26EBB49AA5</string>
				<string>2DC18EC873D5AAD1275F3D68</string>
			</array>
			<key>isa</key>
			<string>PBXGroup</string>
			<key>path</key>
			<string>KingTides</string>
			<key>sourceTree</key>
			<string>&lt;group&gt;</string>
		</dict>
		<key>A1C78E241852D058007E748D</key>
		<dict>
			<key>children</key>
			<array>
				<string>A1C78E251852D058007E748D</string>
				<string>A1C78E261852D058007E748D</string>
				<string>A1C78E291852D058007E748D</string>
				<string>A1C78E2B1852D058007E748D</string>
			</array>
			<key>isa</key>
			<string>PBXGroup</string>
			<key>name</key>
			<string>Supporting Files</string>
			<key>sourceTree</key>
			<string>&lt;group&gt;</string>
		</dict>
		<key>A1C78E251852D058007E748D</key>
		<dict>
			<key>isa</key>
			<string>PBXFileReference</string>
			<key>lastKnownFileType</key>
			<string>text.plist.xml</string>
			<key>path</key>
			<string>KingTides-Info.plist</string>
			<key>sourceTree</key>
			<string>&lt;group&gt;</string>
		</dict>
		<key>A1C78E261852D058007E748D</key>
		<dict>
			<key>children</key>
			<array>
				<string>A1C78E271852D058007E748D</string>
			</array>
			<key>isa</key>
			<string>PBXVariantGroup</string>
			<key>name</key>
			<string>InfoPlist.strings</string>
			<key>sourceTree</key>
			<string>&lt;group&gt;</string>
		</dict>
		<key>A1C78E271852D058007E748D</key>
		<dict>
			<key>isa</key>
			<string>PBXFileReference</string>
			<key>lastKnownFileType</key>
			<string>text.plist.strings</string>
			<key>name</key>
			<string>en</string>
			<key>path</key>
			<string>en.lproj/InfoPlist.strings</string>
			<key>sourceTree</key>
			<string>&lt;group&gt;</string>
		</dict>
		<key>A1C78E281852D058007E748D</key>
		<dict>
			<key>fileRef</key>
			<string>A1C78E261852D058007E748D</string>
			<key>isa</key>
			<string>PBXBuildFile</string>
		</dict>
		<key>A1C78E291852D058007E748D</key>
		<dict>
			<key>isa</key>
			<string>PBXFileReference</string>
			<key>lastKnownFileType</key>
			<string>sourcecode.c.objc</string>
			<key>path</key>
			<string>main.m</string>
			<key>sourceTree</key>
			<string>&lt;group&gt;</string>
		</dict>
		<key>A1C78E2A1852D058007E748D</key>
		<dict>
			<key>fileRef</key>
			<string>A1C78E291852D058007E748D</string>
			<key>isa</key>
			<string>PBXBuildFile</string>
		</dict>
		<key>A1C78E2B1852D058007E748D</key>
		<dict>
			<key>isa</key>
			<string>PBXFileReference</string>
			<key>lastKnownFileType</key>
			<string>sourcecode.c.h</string>
			<key>path</key>
			<string>KingTides-Prefix.pch</string>
			<key>sourceTree</key>
			<string>&lt;group&gt;</string>
		</dict>
		<key>A1C78E2C1852D058007E748D</key>
		<dict>
			<key>isa</key>
			<string>PBXFileReference</string>
			<key>lastKnownFileType</key>
			<string>sourcecode.c.h</string>
			<key>path</key>
			<string>AppDelegate.h</string>
			<key>sourceTree</key>
			<string>&lt;group&gt;</string>
		</dict>
		<key>A1C78E2D1852D058007E748D</key>
		<dict>
			<key>isa</key>
			<string>PBXFileReference</string>
			<key>lastKnownFileType</key>
			<string>sourcecode.c.objc</string>
			<key>path</key>
			<string>AppDelegate.m</string>
			<key>sourceTree</key>
			<string>&lt;group&gt;</string>
		</dict>
		<key>A1C78E2E1852D058007E748D</key>
		<dict>
			<key>fileRef</key>
			<string>A1C78E2D1852D058007E748D</string>
			<key>isa</key>
			<string>PBXBuildFile</string>
		</dict>
		<key>A1C78E381852D058007E748D</key>
		<dict>
			<key>isa</key>
			<string>PBXFileReference</string>
			<key>lastKnownFileType</key>
			<string>folder.assetcatalog</string>
			<key>path</key>
			<string>Images.xcassets</string>
			<key>sourceTree</key>
			<string>&lt;group&gt;</string>
		</dict>
		<key>A1C78E391852D058007E748D</key>
		<dict>
			<key>fileRef</key>
			<string>A1C78E381852D058007E748D</string>
			<key>isa</key>
			<string>PBXBuildFile</string>
		</dict>
		<key>A1C78E3A1852D058007E748D</key>
		<dict>
			<key>buildActionMask</key>
			<string>2147483647</string>
			<key>files</key>
			<array>
				<string>A1C78E4C1852D058007E748D</string>
				<string>2DC18BB0C2B0E15E46C6AC7F</string>
				<string>2DC18B37043B66B94E3A522D</string>
				<string>2DC184F0B6C9617E215794A7</string>
				<string>2DC1898B83DED436ECF952FA</string>
			</array>
			<key>isa</key>
			<string>PBXSourcesBuildPhase</string>
			<key>runOnlyForDeploymentPostprocessing</key>
			<string>0</string>
		</dict>
		<key>A1C78E3B1852D058007E748D</key>
		<dict>
			<key>buildActionMask</key>
			<string>2147483647</string>
			<key>files</key>
			<array>
				<string>A1C78E401852D058007E748D</string>
				<string>A1C78E421852D058007E748D</string>
				<string>A1C78E411852D058007E748D</string>
				<string>1B09B32F07FA468492CDCDF7</string>
			</array>
			<key>isa</key>
			<string>PBXFrameworksBuildPhase</string>
			<key>runOnlyForDeploymentPostprocessing</key>
			<string>0</string>
		</dict>
		<key>A1C78E3C1852D058007E748D</key>
		<dict>
			<key>buildActionMask</key>
			<string>2147483647</string>
			<key>files</key>
			<array>
				<string>A1C78E4A1852D058007E748D</string>
			</array>
			<key>isa</key>
			<string>PBXResourcesBuildPhase</string>
			<key>runOnlyForDeploymentPostprocessing</key>
			<string>0</string>
		</dict>
		<key>A1C78E3D1852D058007E748D</key>
		<dict>
			<key>buildConfigurationList</key>
			<string>A1C78E521852D058007E748D</string>
			<key>buildPhases</key>
			<array>
				<string>4EDA483CF262436F9AC641CF</string>
				<string>A1C78E3A1852D058007E748D</string>
				<string>A1C78E3B1852D058007E748D</string>
				<string>A1C78E3C1852D058007E748D</string>
				<string>A5A847304C4146DBB78CE283</string>
			</array>
			<key>buildRules</key>
			<array/>
			<key>dependencies</key>
			<array>
				<string>A1C78E441852D058007E748D</string>
			</array>
			<key>isa</key>
			<string>PBXNativeTarget</string>
			<key>name</key>
			<string>KingTidesTests</string>
			<key>productName</key>
			<string>KingTidesTests</string>
			<key>productReference</key>
			<string>A1C78E3E1852D058007E748D</string>
			<key>productType</key>
			<string>com.apple.product-type.bundle.unit-test</string>
		</dict>
		<key>A1C78E3E1852D058007E748D</key>
		<dict>
			<key>explicitFileType</key>
			<string>wrapper.cfbundle</string>
			<key>includeInIndex</key>
			<string>0</string>
			<key>isa</key>
			<string>PBXFileReference</string>
			<key>path</key>
			<string>KingTidesTests.xctest</string>
			<key>sourceTree</key>
			<string>BUILT_PRODUCTS_DIR</string>
		</dict>
		<key>A1C78E3F1852D058007E748D</key>
		<dict>
			<key>isa</key>
			<string>PBXFileReference</string>
			<key>lastKnownFileType</key>
			<string>wrapper.framework</string>
			<key>name</key>
			<string>XCTest.framework</string>
			<key>path</key>
			<string>Library/Frameworks/XCTest.framework</string>
			<key>sourceTree</key>
			<string>DEVELOPER_DIR</string>
		</dict>
		<key>A1C78E401852D058007E748D</key>
		<dict>
			<key>fileRef</key>
			<string>A1C78E3F1852D058007E748D</string>
			<key>isa</key>
			<string>PBXBuildFile</string>
		</dict>
		<key>A1C78E411852D058007E748D</key>
		<dict>
			<key>fileRef</key>
			<string>A1C78E1D1852D058007E748D</string>
			<key>isa</key>
			<string>PBXBuildFile</string>
		</dict>
		<key>A1C78E421852D058007E748D</key>
		<dict>
			<key>fileRef</key>
			<string>A1C78E211852D058007E748D</string>
			<key>isa</key>
			<string>PBXBuildFile</string>
		</dict>
		<key>A1C78E431852D058007E748D</key>
		<dict>
			<key>containerPortal</key>
			<string>A1C78E121852D058007E748D</string>
			<key>isa</key>
			<string>PBXContainerItemProxy</string>
			<key>proxyType</key>
			<string>1</string>
			<key>remoteGlobalIDString</key>
			<string>A1C78E191852D058007E748D</string>
			<key>remoteInfo</key>
			<string>KingTides</string>
		</dict>
		<key>A1C78E441852D058007E748D</key>
		<dict>
			<key>isa</key>
			<string>PBXTargetDependency</string>
			<key>target</key>
			<string>A1C78E191852D058007E748D</string>
			<key>targetProxy</key>
			<string>A1C78E431852D058007E748D</string>
		</dict>
		<key>A1C78E451852D058007E748D</key>
		<dict>
			<key>children</key>
			<array>
				<string>A1C78E4B1852D058007E748D</string>
				<string>A1C78E461852D058007E748D</string>
			</array>
			<key>isa</key>
			<string>PBXGroup</string>
			<key>path</key>
			<string>KingTidesTests</string>
			<key>sourceTree</key>
			<string>&lt;group&gt;</string>
		</dict>
		<key>A1C78E461852D058007E748D</key>
		<dict>
			<key>children</key>
			<array>
				<string>A1C78E471852D058007E748D</string>
				<string>A1C78E481852D058007E748D</string>
			</array>
			<key>isa</key>
			<string>PBXGroup</string>
			<key>name</key>
			<string>Supporting Files</string>
			<key>sourceTree</key>
			<string>&lt;group&gt;</string>
		</dict>
		<key>A1C78E471852D058007E748D</key>
		<dict>
			<key>isa</key>
			<string>PBXFileReference</string>
			<key>lastKnownFileType</key>
			<string>text.plist.xml</string>
			<key>path</key>
			<string>KingTidesTests-Info.plist</string>
			<key>sourceTree</key>
			<string>&lt;group&gt;</string>
		</dict>
		<key>A1C78E481852D058007E748D</key>
		<dict>
			<key>children</key>
			<array>
				<string>A1C78E491852D058007E748D</string>
			</array>
			<key>isa</key>
			<string>PBXVariantGroup</string>
			<key>name</key>
			<string>InfoPlist.strings</string>
			<key>sourceTree</key>
			<string>&lt;group&gt;</string>
		</dict>
		<key>A1C78E491852D058007E748D</key>
		<dict>
			<key>isa</key>
			<string>PBXFileReference</string>
			<key>lastKnownFileType</key>
			<string>text.plist.strings</string>
			<key>name</key>
			<string>en</string>
			<key>path</key>
			<string>en.lproj/InfoPlist.strings</string>
			<key>sourceTree</key>
			<string>&lt;group&gt;</string>
		</dict>
		<key>A1C78E4A1852D058007E748D</key>
		<dict>
			<key>fileRef</key>
			<string>A1C78E481852D058007E748D</string>
			<key>isa</key>
			<string>PBXBuildFile</string>
		</dict>
		<key>A1C78E4B1852D058007E748D</key>
		<dict>
			<key>isa</key>
			<string>PBXFileReference</string>
			<key>lastKnownFileType</key>
			<string>sourcecode.c.objc</string>
			<key>path</key>
			<string>KingTidesTests.m</string>
			<key>sourceTree</key>
			<string>&lt;group&gt;</string>
		</dict>
		<key>A1C78E4C1852D058007E748D</key>
		<dict>
			<key>fileRef</key>
			<string>A1C78E4B1852D058007E748D</string>
			<key>isa</key>
			<string>PBXBuildFile</string>
		</dict>
		<key>A1C78E4D1852D058007E748D</key>
		<dict>
			<key>buildSettings</key>
			<dict>
				<key>ALWAYS_SEARCH_USER_PATHS</key>
				<string>NO</string>
				<key>ARCHS</key>
				<string>$(ARCHS_STANDARD_INCLUDING_64_BIT)</string>
				<key>CLANG_CXX_LANGUAGE_STANDARD</key>
				<string>gnu++0x</string>
				<key>CLANG_CXX_LIBRARY</key>
				<string>libc++</string>
				<key>CLANG_ENABLE_MODULES</key>
				<string>YES</string>
				<key>CLANG_ENABLE_OBJC_ARC</key>
				<string>YES</string>
				<key>CLANG_WARN_BOOL_CONVERSION</key>
				<string>YES</string>
				<key>CLANG_WARN_CONSTANT_CONVERSION</key>
				<string>YES</string>
				<key>CLANG_WARN_DIRECT_OBJC_ISA_USAGE</key>
				<string>YES_ERROR</string>
				<key>CLANG_WARN_EMPTY_BODY</key>
				<string>YES</string>
				<key>CLANG_WARN_ENUM_CONVERSION</key>
				<string>YES</string>
				<key>CLANG_WARN_INT_CONVERSION</key>
				<string>YES</string>
				<key>CLANG_WARN_OBJC_ROOT_CLASS</key>
				<string>YES_ERROR</string>
				<key>CLANG_WARN__DUPLICATE_METHOD_MATCH</key>
				<string>YES</string>
				<key>CODE_SIGN_IDENTITY[sdk=iphoneos*]</key>
				<string>iPhone Developer</string>
				<key>COPY_PHASE_STRIP</key>
				<string>NO</string>
				<key>GCC_C_LANGUAGE_STANDARD</key>
				<string>gnu99</string>
				<key>GCC_DYNAMIC_NO_PIC</key>
				<string>NO</string>
				<key>GCC_OPTIMIZATION_LEVEL</key>
				<string>0</string>
				<key>GCC_PREPROCESSOR_DEFINITIONS</key>
				<array>
					<string>DEBUG=1</string>
					<string>$(inherited)</string>
				</array>
				<key>GCC_SYMBOLS_PRIVATE_EXTERN</key>
				<string>NO</string>
				<key>GCC_WARN_64_TO_32_BIT_CONVERSION</key>
				<string>YES</string>
				<key>GCC_WARN_ABOUT_RETURN_TYPE</key>
				<string>YES_ERROR</string>
				<key>GCC_WARN_UNDECLARED_SELECTOR</key>
				<string>YES</string>
				<key>GCC_WARN_UNINITIALIZED_AUTOS</key>
				<string>YES</string>
				<key>GCC_WARN_UNUSED_FUNCTION</key>
				<string>YES</string>
				<key>GCC_WARN_UNUSED_VARIABLE</key>
				<string>YES</string>
				<key>IPHONEOS_DEPLOYMENT_TARGET</key>
				<string>7.0</string>
				<key>ONLY_ACTIVE_ARCH</key>
				<string>YES</string>
				<key>SDKROOT</key>
				<string>iphoneos</string>
				<key>TARGETED_DEVICE_FAMILY</key>
				<string>1,2</string>
			</dict>
			<key>isa</key>
			<string>XCBuildConfiguration</string>
			<key>name</key>
			<string>Debug</string>
		</dict>
		<key>A1C78E4E1852D058007E748D</key>
		<dict>
			<key>buildSettings</key>
			<dict>
				<key>ALWAYS_SEARCH_USER_PATHS</key>
				<string>NO</string>
				<key>ARCHS</key>
				<string>$(ARCHS_STANDARD_INCLUDING_64_BIT)</string>
				<key>CLANG_CXX_LANGUAGE_STANDARD</key>
				<string>gnu++0x</string>
				<key>CLANG_CXX_LIBRARY</key>
				<string>libc++</string>
				<key>CLANG_ENABLE_MODULES</key>
				<string>YES</string>
				<key>CLANG_ENABLE_OBJC_ARC</key>
				<string>YES</string>
				<key>CLANG_WARN_BOOL_CONVERSION</key>
				<string>YES</string>
				<key>CLANG_WARN_CONSTANT_CONVERSION</key>
				<string>YES</string>
				<key>CLANG_WARN_DIRECT_OBJC_ISA_USAGE</key>
				<string>YES_ERROR</string>
				<key>CLANG_WARN_EMPTY_BODY</key>
				<string>YES</string>
				<key>CLANG_WARN_ENUM_CONVERSION</key>
				<string>YES</string>
				<key>CLANG_WARN_INT_CONVERSION</key>
				<string>YES</string>
				<key>CLANG_WARN_OBJC_ROOT_CLASS</key>
				<string>YES_ERROR</string>
				<key>CLANG_WARN__DUPLICATE_METHOD_MATCH</key>
				<string>YES</string>
				<key>CODE_SIGN_IDENTITY[sdk=iphoneos*]</key>
				<string>iPhone Distribution</string>
				<key>COPY_PHASE_STRIP</key>
				<string>YES</string>
				<key>ENABLE_NS_ASSERTIONS</key>
				<string>NO</string>
				<key>GCC_C_LANGUAGE_STANDARD</key>
				<string>gnu99</string>
				<key>GCC_WARN_64_TO_32_BIT_CONVERSION</key>
				<string>YES</string>
				<key>GCC_WARN_ABOUT_RETURN_TYPE</key>
				<string>YES_ERROR</string>
				<key>GCC_WARN_UNDECLARED_SELECTOR</key>
				<string>YES</string>
				<key>GCC_WARN_UNINITIALIZED_AUTOS</key>
				<string>YES</string>
				<key>GCC_WARN_UNUSED_FUNCTION</key>
				<string>YES</string>
				<key>GCC_WARN_UNUSED_VARIABLE</key>
				<string>YES</string>
				<key>IPHONEOS_DEPLOYMENT_TARGET</key>
				<string>7.0</string>
				<key>SDKROOT</key>
				<string>iphoneos</string>
				<key>TARGETED_DEVICE_FAMILY</key>
				<string>1,2</string>
				<key>VALIDATE_PRODUCT</key>
				<string>YES</string>
			</dict>
			<key>isa</key>
			<string>XCBuildConfiguration</string>
			<key>name</key>
			<string>Release</string>
		</dict>
		<key>A1C78E4F1852D058007E748D</key>
		<dict>
			<key>buildConfigurations</key>
			<array>
				<string>A1C78E501852D058007E748D</string>
				<string>A1C78E511852D058007E748D</string>
			</array>
			<key>defaultConfigurationIsVisible</key>
			<string>0</string>
			<key>defaultConfigurationName</key>
			<string>Release</string>
			<key>isa</key>
			<string>XCConfigurationList</string>
		</dict>
		<key>A1C78E501852D058007E748D</key>
		<dict>
			<key>baseConfigurationReference</key>
			<string>2AC59A65D73FCE066A11FB52</string>
			<key>buildSettings</key>
			<dict>
				<key>ASSETCATALOG_COMPILER_APPICON_NAME</key>
				<string>AppIcon</string>
				<key>ASSETCATALOG_COMPILER_LAUNCHIMAGE_NAME</key>
				<string>LaunchImage</string>
				<key>CODE_SIGN_IDENTITY</key>
				<string>iPhone Developer</string>
				<key>CODE_SIGN_IDENTITY[sdk=iphoneos*]</key>
				<string>iPhone Developer</string>
				<key>GCC_PRECOMPILE_PREFIX_HEADER</key>
				<string>YES</string>
				<key>GCC_PREFIX_HEADER</key>
				<string>KingTides/KingTides-Prefix.pch</string>
				<key>INFOPLIST_FILE</key>
				<string>KingTides/KingTides-Info.plist</string>
				<key>PRODUCT_NAME</key>
				<string>$(TARGET_NAME)</string>
				<key>PROVISIONING_PROFILE</key>
				<string></string>
				<key>USER_HEADER_SEARCH_PATHS</key>
				<string>"${PROJECT_DIR}/../Pods"/**</string>
				<key>WRAPPER_EXTENSION</key>
				<string>app</string>
			</dict>
			<key>isa</key>
			<string>XCBuildConfiguration</string>
			<key>name</key>
			<string>Debug</string>
		</dict>
		<key>A1C78E511852D058007E748D</key>
		<dict>
			<key>baseConfigurationReference</key>
			<string>962E8669A26A1686D789D42C</string>
			<key>buildSettings</key>
			<dict>
				<key>ASSETCATALOG_COMPILER_APPICON_NAME</key>
				<string>AppIcon</string>
				<key>ASSETCATALOG_COMPILER_LAUNCHIMAGE_NAME</key>
				<string>LaunchImage</string>
				<key>CODE_SIGN_IDENTITY</key>
				<string>iPhone Developer</string>
				<key>CODE_SIGN_IDENTITY[sdk=iphoneos*]</key>
				<string>iPhone Developer</string>
				<key>GCC_PRECOMPILE_PREFIX_HEADER</key>
				<string>YES</string>
				<key>GCC_PREFIX_HEADER</key>
				<string>KingTides/KingTides-Prefix.pch</string>
				<key>INFOPLIST_FILE</key>
				<string>KingTides/KingTides-Info.plist</string>
				<key>PRODUCT_NAME</key>
				<string>$(TARGET_NAME)</string>
				<key>PROVISIONING_PROFILE</key>
				<string></string>
				<key>USER_HEADER_SEARCH_PATHS</key>
				<string>"${PROJECT_DIR}/../Pods"/**</string>
				<key>WRAPPER_EXTENSION</key>
				<string>app</string>
			</dict>
			<key>isa</key>
			<string>XCBuildConfiguration</string>
			<key>name</key>
			<string>Release</string>
		</dict>
		<key>A1C78E521852D058007E748D</key>
		<dict>
			<key>buildConfigurations</key>
			<array>
				<string>A1C78E531852D058007E748D</string>
				<string>A1C78E541852D058007E748D</string>
			</array>
			<key>defaultConfigurationIsVisible</key>
			<string>0</string>
			<key>defaultConfigurationName</key>
			<string>Release</string>
			<key>isa</key>
			<string>XCConfigurationList</string>
		</dict>
		<key>A1C78E531852D058007E748D</key>
		<dict>
			<key>baseConfigurationReference</key>
			<string>A582E61F780BEC0A9EE473BA</string>
			<key>buildSettings</key>
			<dict>
				<key>ARCHS</key>
				<string>$(ARCHS_STANDARD_INCLUDING_64_BIT)</string>
				<key>BUNDLE_LOADER</key>
				<string>$(BUILT_PRODUCTS_DIR)/KingTides.app/KingTides</string>
				<key>FRAMEWORK_SEARCH_PATHS</key>
				<array>
					<string>$(SDKROOT)/Developer/Library/Frameworks</string>
					<string>$(inherited)</string>
					<string>$(DEVELOPER_FRAMEWORKS_DIR)</string>
				</array>
				<key>GCC_PRECOMPILE_PREFIX_HEADER</key>
				<string>YES</string>
				<key>GCC_PREFIX_HEADER</key>
				<string>KingTides/KingTides-Prefix.pch</string>
				<key>GCC_PREPROCESSOR_DEFINITIONS</key>
				<array>
					<string>DEBUG=1</string>
					<string>$(inherited)</string>
				</array>
				<key>INFOPLIST_FILE</key>
				<string>KingTidesTests/KingTidesTests-Info.plist</string>
				<key>PRODUCT_NAME</key>
				<string>$(TARGET_NAME)</string>
				<key>TEST_HOST</key>
				<string>$(BUNDLE_LOADER)</string>
				<key>WRAPPER_EXTENSION</key>
				<string>xctest</string>
			</dict>
			<key>isa</key>
			<string>XCBuildConfiguration</string>
			<key>name</key>
			<string>Debug</string>
		</dict>
		<key>A1C78E541852D058007E748D</key>
		<dict>
			<key>baseConfigurationReference</key>
			<string>08855864B415677B2DDC52DD</string>
			<key>buildSettings</key>
			<dict>
				<key>ARCHS</key>
				<string>$(ARCHS_STANDARD_INCLUDING_64_BIT)</string>
				<key>BUNDLE_LOADER</key>
				<string>$(BUILT_PRODUCTS_DIR)/KingTides.app/KingTides</string>
				<key>FRAMEWORK_SEARCH_PATHS</key>
				<array>
					<string>$(SDKROOT)/Developer/Library/Frameworks</string>
					<string>$(inherited)</string>
					<string>$(DEVELOPER_FRAMEWORKS_DIR)</string>
				</array>
				<key>GCC_PRECOMPILE_PREFIX_HEADER</key>
				<string>YES</string>
				<key>GCC_PREFIX_HEADER</key>
				<string>KingTides/KingTides-Prefix.pch</string>
				<key>INFOPLIST_FILE</key>
				<string>KingTidesTests/KingTidesTests-Info.plist</string>
				<key>PRODUCT_NAME</key>
				<string>$(TARGET_NAME)</string>
				<key>TEST_HOST</key>
				<string>$(BUNDLE_LOADER)</string>
				<key>WRAPPER_EXTENSION</key>
				<string>xctest</string>
			</dict>
			<key>isa</key>
			<string>XCBuildConfiguration</string>
			<key>name</key>
			<string>Release</string>
		</dict>
		<key>A1C78E561852D922007E748D</key>
		<dict>
			<key>children</key>
			<array>
				<string>A1C78E5B1852DB09007E748D</string>
				<string>A1C78E5C1852DB09007E748D</string>
				<string>A1C78E621852E9AB007E748D</string>
				<string>A1C78E631852E9AB007E748D</string>
				<string>A1C78E691852EF28007E748D</string>
				<string>A1C78E6A1852EF28007E748D</string>
				<string>A1C78E781853B37C007E748D</string>
				<string>A1C78E791853B37C007E748D</string>
				<string>A1C78E861853B8E7007E748D</string>
				<string>A1C78E871853B8E7007E748D</string>
				<string>A1C78E8E1853BC2B007E748D</string>
				<string>A1C78E8F1853BC2B007E748D</string>
			</array>
			<key>isa</key>
			<string>PBXGroup</string>
			<key>name</key>
			<string>Controllers</string>
			<key>sourceTree</key>
			<string>&lt;group&gt;</string>
		</dict>
		<key>A1C78E571852D94E007E748D</key>
		<dict>
			<key>children</key>
			<array>
				<string>A1C78E931853BC58007E748D</string>
				<string>A1C78E8C1853B929007E748D</string>
				<string>A1C78E7D1853B3C6007E748D</string>
				<string>A1C78E6E1852EF6C007E748D</string>
				<string>A1C78E671852E9E1007E748D</string>
				<string>A1C78E601852E910007E748D</string>
			</array>
			<key>isa</key>
			<string>PBXGroup</string>
			<key>name</key>
			<string>Views</string>
			<key>sourceTree</key>
			<string>&lt;group&gt;</string>
		</dict>
		<key>A1C78E581852D95E007E748D</key>
		<dict>
			<key>children</key>
			<array>
				<string>2DC186D64ADA57451338369B</string>
				<string>2DC1801C795EEDF27976CE99</string>
				<string>2DC184B7CE2CE3A6343DD782</string>
				<string>2DC185ECF888FE96CF81376B</string>
				<string>2DC18BFB162DF0FCE61B6F68</string>
				<string>2DC18955534355700B266125</string>
			</array>
			<key>isa</key>
			<string>PBXGroup</string>
			<key>name</key>
			<string>Services</string>
			<key>sourceTree</key>
			<string>&lt;group&gt;</string>
		</dict>
		<key>A1C78E5B1852DB09007E748D</key>
		<dict>
			<key>fileEncoding</key>
			<string>4</string>
			<key>isa</key>
			<string>PBXFileReference</string>
			<key>lastKnownFileType</key>
			<string>sourcecode.c.h</string>
			<key>name</key>
			<string>MainViewController.h</string>
			<key>path</key>
			<string>Controllers/MainViewController.h</string>
			<key>sourceTree</key>
			<string>&lt;group&gt;</string>
		</dict>
		<key>A1C78E5C1852DB09007E748D</key>
		<dict>
			<key>fileEncoding</key>
			<string>4</string>
			<key>isa</key>
			<string>PBXFileReference</string>
			<key>lastKnownFileType</key>
			<string>sourcecode.c.objc</string>
			<key>name</key>
			<string>MainViewController.m</string>
			<key>path</key>
			<string>Controllers/MainViewController.m</string>
			<key>sourceTree</key>
			<string>&lt;group&gt;</string>
		</dict>
		<key>A1C78E5E1852DB09007E748D</key>
		<dict>
			<key>fileRef</key>
			<string>A1C78E5C1852DB09007E748D</string>
			<key>isa</key>
			<string>PBXBuildFile</string>
		</dict>
		<key>A1C78E601852E910007E748D</key>
		<dict>
			<key>fileEncoding</key>
			<string>4</string>
			<key>isa</key>
			<string>PBXFileReference</string>
			<key>lastKnownFileType</key>
			<string>file.xib</string>
			<key>name</key>
			<string>MainViewController.xib</string>
			<key>path</key>
			<string>Views/MainViewController.xib</string>
			<key>sourceTree</key>
			<string>&lt;group&gt;</string>
		</dict>
		<key>A1C78E611852E910007E748D</key>
		<dict>
			<key>fileRef</key>
			<string>A1C78E601852E910007E748D</string>
			<key>isa</key>
			<string>PBXBuildFile</string>
		</dict>
		<key>A1C78E621852E9AB007E748D</key>
		<dict>
			<key>fileEncoding</key>
			<string>4</string>
			<key>isa</key>
			<string>PBXFileReference</string>
			<key>lastKnownFileType</key>
			<string>sourcecode.c.h</string>
			<key>name</key>
			<string>PhotoDetailsViewController.h</string>
			<key>path</key>
			<string>Controllers/PhotoDetailsViewController.h</string>
			<key>sourceTree</key>
			<string>&lt;group&gt;</string>
		</dict>
		<key>A1C78E631852E9AB007E748D</key>
		<dict>
			<key>fileEncoding</key>
			<string>4</string>
			<key>isa</key>
			<string>PBXFileReference</string>
			<key>lastKnownFileType</key>
			<string>sourcecode.c.objc</string>
			<key>name</key>
			<string>PhotoDetailsViewController.m</string>
			<key>path</key>
			<string>Controllers/PhotoDetailsViewController.m</string>
			<key>sourceTree</key>
			<string>&lt;group&gt;</string>
		</dict>
		<key>A1C78E651852E9AB007E748D</key>
		<dict>
			<key>fileRef</key>
			<string>A1C78E631852E9AB007E748D</string>
			<key>isa</key>
			<string>PBXBuildFile</string>
		</dict>
		<key>A1C78E671852E9E1007E748D</key>
		<dict>
			<key>fileEncoding</key>
			<string>4</string>
			<key>isa</key>
			<string>PBXFileReference</string>
			<key>lastKnownFileType</key>
			<string>file.xib</string>
			<key>name</key>
			<string>PhotoDetailsViewController.xib</string>
			<key>path</key>
			<string>Views/PhotoDetailsViewController.xib</string>
			<key>sourceTree</key>
			<string>&lt;group&gt;</string>
		</dict>
		<key>A1C78E681852E9E1007E748D</key>
		<dict>
			<key>fileRef</key>
			<string>A1C78E671852E9E1007E748D</string>
			<key>isa</key>
			<string>PBXBuildFile</string>
		</dict>
		<key>A1C78E691852EF28007E748D</key>
		<dict>
			<key>fileEncoding</key>
			<string>4</string>
			<key>isa</key>
			<string>PBXFileReference</string>
			<key>lastKnownFileType</key>
			<string>sourcecode.c.h</string>
			<key>name</key>
			<string>PhotoSelectionViewController.h</string>
			<key>path</key>
			<string>Controllers/PhotoSelectionViewController.h</string>
			<key>sourceTree</key>
			<string>&lt;group&gt;</string>
		</dict>
		<key>A1C78E6A1852EF28007E748D</key>
		<dict>
			<key>fileEncoding</key>
			<string>4</string>
			<key>isa</key>
			<string>PBXFileReference</string>
			<key>lastKnownFileType</key>
			<string>sourcecode.c.objc</string>
			<key>name</key>
			<string>PhotoSelectionViewController.m</string>
			<key>path</key>
			<string>Controllers/PhotoSelectionViewController.m</string>
			<key>sourceTree</key>
			<string>&lt;group&gt;</string>
		</dict>
		<key>A1C78E6C1852EF28007E748D</key>
		<dict>
			<key>fileRef</key>
			<string>A1C78E6A1852EF28007E748D</string>
			<key>isa</key>
			<string>PBXBuildFile</string>
		</dict>
		<key>A1C78E6E1852EF6C007E748D</key>
		<dict>
			<key>fileEncoding</key>
			<string>4</string>
			<key>isa</key>
			<string>PBXFileReference</string>
			<key>lastKnownFileType</key>
			<string>file.xib</string>
			<key>name</key>
			<string>PhotoSelectionViewController.xib</string>
			<key>path</key>
			<string>Views/PhotoSelectionViewController.xib</string>
			<key>sourceTree</key>
			<string>&lt;group&gt;</string>
		</dict>
		<key>A1C78E6F1852EF6C007E748D</key>
		<dict>
			<key>fileRef</key>
			<string>A1C78E6E1852EF6C007E748D</string>
			<key>isa</key>
			<string>PBXBuildFile</string>
		</dict>
		<key>A1C78E7018532561007E748D</key>
		<dict>
			<key>fileEncoding</key>
			<string>4</string>
			<key>isa</key>
			<string>PBXFileReference</string>
			<key>lastKnownFileType</key>
			<string>sourcecode.c.h</string>
			<key>path</key>
			<string>NSData+Base64.h</string>
			<key>sourceTree</key>
			<string>&lt;group&gt;</string>
		</dict>
		<key>A1C78E7118532561007E748D</key>
		<dict>
			<key>fileEncoding</key>
			<string>4</string>
			<key>isa</key>
			<string>PBXFileReference</string>
			<key>lastKnownFileType</key>
			<string>sourcecode.c.objc</string>
			<key>path</key>
			<string>NSData+Base64.m</string>
			<key>sourceTree</key>
			<string>&lt;group&gt;</string>
		</dict>
		<key>A1C78E7218532561007E748D</key>
		<dict>
			<key>fileRef</key>
			<string>A1C78E7118532561007E748D</string>
			<key>isa</key>
			<string>PBXBuildFile</string>
		</dict>
		<key>A1C78E73185336C9007E748D</key>
		<dict>
			<key>fileEncoding</key>
			<string>4</string>
			<key>isa</key>
			<string>PBXFileReference</string>
			<key>lastKnownFileType</key>
			<string>sourcecode.c.h</string>
			<key>path</key>
			<string>LocationManager.h</string>
			<key>sourceTree</key>
			<string>&lt;group&gt;</string>
		</dict>
		<key>A1C78E74185336C9007E748D</key>
		<dict>
			<key>fileEncoding</key>
			<string>4</string>
			<key>isa</key>
			<string>PBXFileReference</string>
			<key>lastKnownFileType</key>
			<string>sourcecode.c.objc</string>
			<key>path</key>
			<string>LocationManager.m</string>
			<key>sourceTree</key>
			<string>&lt;group&gt;</string>
		</dict>
		<key>A1C78E75185336CA007E748D</key>
		<dict>
			<key>fileRef</key>
			<string>A1C78E74185336C9007E748D</string>
			<key>isa</key>
			<string>PBXBuildFile</string>
		</dict>
		<key>A1C78E7618533A23007E748D</key>
		<dict>
			<key>isa</key>
			<string>PBXFileReference</string>
			<key>lastKnownFileType</key>
			<string>wrapper.framework</string>
			<key>name</key>
			<string>CoreLocation.framework</string>
			<key>path</key>
			<string>System/Library/Frameworks/CoreLocation.framework</string>
			<key>sourceTree</key>
			<string>SDKROOT</string>
		</dict>
		<key>A1C78E7718533A23007E748D</key>
		<dict>
			<key>fileRef</key>
			<string>A1C78E7618533A23007E748D</string>
			<key>isa</key>
			<string>PBXBuildFile</string>
		</dict>
		<key>A1C78E781853B37C007E748D</key>
		<dict>
			<key>fileEncoding</key>
			<string>4</string>
			<key>isa</key>
			<string>PBXFileReference</string>
			<key>lastKnownFileType</key>
			<string>sourcecode.c.h</string>
			<key>name</key>
			<string>MapViewController.h</string>
			<key>path</key>
			<string>Controllers/MapViewController.h</string>
			<key>sourceTree</key>
			<string>&lt;group&gt;</string>
		</dict>
		<key>A1C78E791853B37C007E748D</key>
		<dict>
			<key>fileEncoding</key>
			<string>4</string>
			<key>isa</key>
			<string>PBXFileReference</string>
			<key>lastKnownFileType</key>
			<string>sourcecode.c.objc</string>
			<key>name</key>
			<string>MapViewController.m</string>
			<key>path</key>
			<string>Controllers/MapViewController.m</string>
			<key>sourceTree</key>
			<string>&lt;group&gt;</string>
		</dict>
		<key>A1C78E7B1853B37C007E748D</key>
		<dict>
			<key>fileRef</key>
			<string>A1C78E791853B37C007E748D</string>
			<key>isa</key>
			<string>PBXBuildFile</string>
		</dict>
		<key>A1C78E7D1853B3C6007E748D</key>
		<dict>
			<key>fileEncoding</key>
			<string>4</string>
			<key>isa</key>
			<string>PBXFileReference</string>
			<key>lastKnownFileType</key>
			<string>file.xib</string>
			<key>name</key>
			<string>MapViewController.xib</string>
			<key>path</key>
			<string>Views/MapViewController.xib</string>
			<key>sourceTree</key>
			<string>&lt;group&gt;</string>
		</dict>
		<key>A1C78E7E1853B3C6007E748D</key>
		<dict>
			<key>fileRef</key>
			<string>A1C78E7D1853B3C6007E748D</string>
			<key>isa</key>
			<string>PBXBuildFile</string>
		</dict>
		<key>A1C78E7F1853B478007E748D</key>
		<dict>
			<key>isa</key>
			<string>PBXFileReference</string>
			<key>lastKnownFileType</key>
			<string>wrapper.framework</string>
			<key>name</key>
			<string>MapKit.framework</string>
			<key>path</key>
			<string>System/Library/Frameworks/MapKit.framework</string>
			<key>sourceTree</key>
			<string>SDKROOT</string>
		</dict>
		<key>A1C78E801853B478007E748D</key>
		<dict>
			<key>fileRef</key>
			<string>A1C78E7F1853B478007E748D</string>
			<key>isa</key>
			<string>PBXBuildFile</string>
		</dict>
		<key>A1C78E861853B8E7007E748D</key>
		<dict>
			<key>fileEncoding</key>
			<string>4</string>
			<key>isa</key>
			<string>PBXFileReference</string>
			<key>lastKnownFileType</key>
			<string>sourcecode.c.h</string>
			<key>name</key>
			<string>KingTidesViewController.h</string>
			<key>path</key>
			<string>Controllers/KingTidesViewController.h</string>
			<key>sourceTree</key>
			<string>&lt;group&gt;</string>
		</dict>
		<key>A1C78E871853B8E7007E748D</key>
		<dict>
			<key>fileEncoding</key>
			<string>4</string>
			<key>isa</key>
			<string>PBXFileReference</string>
			<key>lastKnownFileType</key>
			<string>sourcecode.c.objc</string>
			<key>name</key>
			<string>KingTidesViewController.m</string>
			<key>path</key>
			<string>Controllers/KingTidesViewController.m</string>
			<key>sourceTree</key>
			<string>&lt;group&gt;</string>
		</dict>
		<key>A1C78E891853B8E7007E748D</key>
		<dict>
			<key>fileRef</key>
			<string>A1C78E871853B8E7007E748D</string>
			<key>isa</key>
			<string>PBXBuildFile</string>
		</dict>
		<key>A1C78E8C1853B929007E748D</key>
		<dict>
			<key>fileEncoding</key>
			<string>4</string>
			<key>isa</key>
			<string>PBXFileReference</string>
			<key>lastKnownFileType</key>
			<string>file.xib</string>
			<key>name</key>
			<string>KingTidesViewController.xib</string>
			<key>path</key>
			<string>Views/KingTidesViewController.xib</string>
			<key>sourceTree</key>
			<string>&lt;group&gt;</string>
		</dict>
		<key>A1C78E8D1853B929007E748D</key>
		<dict>
			<key>fileRef</key>
			<string>A1C78E8C1853B929007E748D</string>
			<key>isa</key>
			<string>PBXBuildFile</string>
		</dict>
		<key>A1C78E8E1853BC2B007E748D</key>
		<dict>
			<key>fileEncoding</key>
			<string>4</string>
			<key>isa</key>
			<string>PBXFileReference</string>
			<key>lastKnownFileType</key>
			<string>sourcecode.c.h</string>
			<key>name</key>
			<string>KingTideLocationViewController.h</string>
			<key>path</key>
			<string>Controllers/KingTideLocationViewController.h</string>
			<key>sourceTree</key>
			<string>&lt;group&gt;</string>
		</dict>
		<key>A1C78E8F1853BC2B007E748D</key>
		<dict>
			<key>fileEncoding</key>
			<string>4</string>
			<key>isa</key>
			<string>PBXFileReference</string>
			<key>lastKnownFileType</key>
			<string>sourcecode.c.objc</string>
			<key>name</key>
			<string>KingTideLocationViewController.m</string>
			<key>path</key>
			<string>Controllers/KingTideLocationViewController.m</string>
			<key>sourceTree</key>
			<string>&lt;group&gt;</string>
		</dict>
		<key>A1C78E911853BC2B007E748D</key>
		<dict>
			<key>fileRef</key>
			<string>A1C78E8F1853BC2B007E748D</string>
			<key>isa</key>
			<string>PBXBuildFile</string>
		</dict>
		<key>A1C78E931853BC58007E748D</key>
		<dict>
			<key>fileEncoding</key>
			<string>4</string>
			<key>isa</key>
			<string>PBXFileReference</string>
			<key>lastKnownFileType</key>
			<string>file.xib</string>
			<key>name</key>
			<string>KingTideLocationViewController.xib</string>
			<key>path</key>
			<string>Views/KingTideLocationViewController.xib</string>
			<key>sourceTree</key>
			<string>&lt;group&gt;</string>
		</dict>
		<key>A1C78E941853BC58007E748D</key>
		<dict>
			<key>fileRef</key>
			<string>A1C78E931853BC58007E748D</string>
			<key>isa</key>
			<string>PBXBuildFile</string>
		</dict>
		<key>A1C78E951853D912007E748D</key>
		<dict>
			<key>fileEncoding</key>
			<string>4</string>
			<key>isa</key>
			<string>PBXFileReference</string>
			<key>lastKnownFileType</key>
			<string>sourcecode.c.h</string>
			<key>path</key>
			<string>NSDate+Formatting.h</string>
			<key>sourceTree</key>
			<string>&lt;group&gt;</string>
		</dict>
		<key>A1C78E961853D912007E748D</key>
		<dict>
			<key>fileEncoding</key>
			<string>4</string>
			<key>isa</key>
			<string>PBXFileReference</string>
			<key>lastKnownFileType</key>
			<string>sourcecode.c.objc</string>
			<key>path</key>
			<string>NSDate+Formatting.m</string>
			<key>sourceTree</key>
			<string>&lt;group&gt;</string>
		</dict>
		<key>A1C78E971853D912007E748D</key>
		<dict>
			<key>fileRef</key>
			<string>A1C78E961853D912007E748D</string>
			<key>isa</key>
			<string>PBXBuildFile</string>
		</dict>
		<key>A1C78E9A1853E403007E748D</key>
		<dict>
			<key>children</key>
			<array>
				<string>A1DE4FA21853FEBB0024D33C</string>
				<string>A1DE4FA01853F84F0024D33C</string>
				<string>A1C78E9B1853E79B007E748D</string>
				<string>A1C78E9C1853E79B007E748D</string>
				<string>A1C78E9D1853E79B007E748D</string>
			</array>
			<key>isa</key>
			<string>PBXGroup</string>
			<key>name</key>
			<string>Resources</string>
			<key>sourceTree</key>
			<string>&lt;group&gt;</string>
		</dict>
		<key>A1C78E9B1853E79B007E748D</key>
		<dict>
			<key>isa</key>
			<string>PBXFileReference</string>
			<key>lastKnownFileType</key>
			<string>image.jpeg</string>
			<key>name</key>
			<string>home.jpg</string>
			<key>path</key>
			<string>Resources/home.jpg</string>
			<key>sourceTree</key>
			<string>&lt;group&gt;</string>
		</dict>
		<key>A1C78E9C1853E79B007E748D</key>
		<dict>
			<key>isa</key>
			<string>PBXFileReference</string>
			<key>lastKnownFileType</key>
			<string>image.jpeg</string>
			<key>name</key>
			<string>upload.jpg</string>
			<key>path</key>
			<string>Resources/upload.jpg</string>
			<key>sourceTree</key>
			<string>&lt;group&gt;</string>
		</dict>
		<key>A1C78E9D1853E79B007E748D</key>
		<dict>
			<key>isa</key>
			<string>PBXFileReference</string>
			<key>lastKnownFileType</key>
			<string>image.png</string>
			<key>name</key>
			<string>banner.png</string>
			<key>path</key>
			<string>Resources/banner.png</string>
			<key>sourceTree</key>
			<string>&lt;group&gt;</string>
		</dict>
		<key>A1C78E9E1853E79B007E748D</key>
		<dict>
			<key>fileRef</key>
			<string>A1C78E9B1853E79B007E748D</string>
			<key>isa</key>
			<string>PBXBuildFile</string>
		</dict>
		<key>A1C78E9F1853E79B007E748D</key>
		<dict>
			<key>fileRef</key>
			<string>A1C78E9C1853E79B007E748D</string>
			<key>isa</key>
			<string>PBXBuildFile</string>
		</dict>
		<key>A1C78EA01853E79B007E748D</key>
		<dict>
			<key>fileRef</key>
			<string>A1C78E9D1853E79B007E748D</string>
			<key>isa</key>
			<string>PBXBuildFile</string>
		</dict>
		<key>A1DE4FA01853F84F0024D33C</key>
		<dict>
			<key>isa</key>
			<string>PBXFileReference</string>
			<key>lastKnownFileType</key>
			<string>image.jpeg</string>
			<key>name</key>
			<string>default-background.jpg</string>
			<key>path</key>
			<string>Resources/default-background.jpg</string>
			<key>sourceTree</key>
			<string>&lt;group&gt;</string>
		</dict>
		<key>A1DE4FA11853F84F0024D33C</key>
		<dict>
			<key>fileRef</key>
			<string>A1DE4FA01853F84F0024D33C</string>
			<key>isa</key>
			<string>PBXBuildFile</string>
		</dict>
		<key>A1DE4FA21853FEBB0024D33C</key>
		<dict>
			<key>isa</key>
			<string>PBXFileReference</string>
			<key>lastKnownFileType</key>
			<string>image.png</string>
			<key>name</key>
			<string>uploadPhoto.png</string>
			<key>path</key>
			<string>Resources/uploadPhoto.png</string>
			<key>sourceTree</key>
			<string>&lt;group&gt;</string>
		</dict>
		<key>A1DE4FA31853FEBB0024D33C</key>
		<dict>
			<key>fileRef</key>
			<string>A1DE4FA21853FEBB0024D33C</string>
			<key>isa</key>
			<string>PBXBuildFile</string>
		</dict>
		<key>A582E61F780BEC0A9EE473BA</key>
		<dict>
			<key>includeInIndex</key>
			<string>1</string>
			<key>isa</key>
			<string>PBXFileReference</string>
			<key>lastKnownFileType</key>
			<string>text.xcconfig</string>
			<key>name</key>
			<string>Pods-KingTidesTests.debug.xcconfig</string>
			<key>path</key>
			<string>../Pods/Target Support Files/Pods-KingTidesTests/Pods-KingTidesTests.debug.xcconfig</string>
			<key>sourceTree</key>
			<string>&lt;group&gt;</string>
		</dict>
		<key>A5A847304C4146DBB78CE283</key>
		<dict>
			<key>buildActionMask</key>
			<string>2147483647</string>
			<key>files</key>
			<array/>
			<key>inputPaths</key>
			<array/>
			<key>isa</key>
			<string>PBXShellScriptBuildPhase</string>
			<key>name</key>
			<string>Copy Pods Resources</string>
			<key>outputPaths</key>
			<array/>
			<key>runOnlyForDeploymentPostprocessing</key>
			<string>0</string>
			<key>shellPath</key>
			<string>/bin/sh</string>
			<key>shellScript</key>
			<string>"${SRCROOT}/../Pods/Target Support Files/Pods-KingTidesTests/Pods-KingTidesTests-resources.sh"
</string>
			<key>showEnvVarsInLog</key>
			<string>0</string>
		</dict>
		<key>D9122C4D4E5D4BBC96BA43AA</key>
		<dict>
			<key>explicitFileType</key>
			<string>archive.ar</string>
			<key>includeInIndex</key>
			<string>0</string>
			<key>isa</key>
			<string>PBXFileReference</string>
			<key>path</key>
			<string>libPods.a</string>
			<key>sourceTree</key>
			<string>BUILT_PRODUCTS_DIR</string>
		</dict>
		<key>E06878C32FD44F1BB28836D6</key>
		<dict>
			<key>buildActionMask</key>
			<string>2147483647</string>
			<key>files</key>
			<array/>
			<key>inputPaths</key>
			<array/>
			<key>isa</key>
			<string>PBXShellScriptBuildPhase</string>
			<key>name</key>
			<string>Check Pods Manifest.lock</string>
			<key>outputPaths</key>
			<array/>
			<key>runOnlyForDeploymentPostprocessing</key>
			<string>0</string>
			<key>shellPath</key>
			<string>/bin/sh</string>
			<key>shellScript</key>
			<string>diff "${PODS_ROOT}/../Podfile.lock" "${PODS_ROOT}/Manifest.lock" &gt; /dev/null
if [[ $? != 0 ]] ; then
    cat &lt;&lt; EOM
error: The sandbox is not in sync with the Podfile.lock. Run 'pod install' or update your CocoaPods installation.
EOM
    exit 1
fi
</string>
			<key>showEnvVarsInLog</key>
			<string>0</string>
		</dict>
	</dict>
	<key>rootObject</key>
	<string>A1C78E121852D058007E748D</string>
</dict>
</plist>
