// !$*UTF8*$!
{
	archiveVersion = 1;
	classes = {
	};
	objectVersion = 46;
	objects = {

/* Begin PBXBuildFile section */
		1B09B32F07FA468492CDCDF7 /* libPods-KingTidesTests.a in Frameworks */ = {isa = PBXBuildFile; fileRef = 275F62F30E5446AF947144A0 /* libPods-KingTidesTests.a */; };
		2DC18D303FAE81E5AD010009 /* UIImage+FixRotation.m in Sources */ = {isa = PBXBuildFile; fileRef = 2DC18473F8D9E0DABAACF7AD /* UIImage+FixRotation.m */; };
		8C562782518E4AF7A4E7632C /* libPods.a in Frameworks */ = {isa = PBXBuildFile; fileRef = D9122C4D4E5D4BBC96BA43AA /* libPods.a */; };
		A1C78E1E1852D058007E748D /* Foundation.framework in Frameworks */ = {isa = PBXBuildFile; fileRef = A1C78E1D1852D058007E748D /* Foundation.framework */; };
		A1C78E201852D058007E748D /* CoreGraphics.framework in Frameworks */ = {isa = PBXBuildFile; fileRef = A1C78E1F1852D058007E748D /* CoreGraphics.framework */; };
		A1C78E221852D058007E748D /* UIKit.framework in Frameworks */ = {isa = PBXBuildFile; fileRef = A1C78E211852D058007E748D /* UIKit.framework */; };
		A1C78E281852D058007E748D /* InfoPlist.strings in Resources */ = {isa = PBXBuildFile; fileRef = A1C78E261852D058007E748D /* InfoPlist.strings */; };
		A1C78E2A1852D058007E748D /* main.m in Sources */ = {isa = PBXBuildFile; fileRef = A1C78E291852D058007E748D /* main.m */; };
		A1C78E2E1852D058007E748D /* AppDelegate.m in Sources */ = {isa = PBXBuildFile; fileRef = A1C78E2D1852D058007E748D /* AppDelegate.m */; };
		A1C78E391852D058007E748D /* Images.xcassets in Resources */ = {isa = PBXBuildFile; fileRef = A1C78E381852D058007E748D /* Images.xcassets */; };
		A1C78E401852D058007E748D /* XCTest.framework in Frameworks */ = {isa = PBXBuildFile; fileRef = A1C78E3F1852D058007E748D /* XCTest.framework */; };
		A1C78E411852D058007E748D /* Foundation.framework in Frameworks */ = {isa = PBXBuildFile; fileRef = A1C78E1D1852D058007E748D /* Foundation.framework */; };
		A1C78E421852D058007E748D /* UIKit.framework in Frameworks */ = {isa = PBXBuildFile; fileRef = A1C78E211852D058007E748D /* UIKit.framework */; };
		A1C78E4A1852D058007E748D /* InfoPlist.strings in Resources */ = {isa = PBXBuildFile; fileRef = A1C78E481852D058007E748D /* InfoPlist.strings */; };
		A1C78E4C1852D058007E748D /* KingTidesTests.m in Sources */ = {isa = PBXBuildFile; fileRef = A1C78E4B1852D058007E748D /* KingTidesTests.m */; };
		A1C78E5E1852DB09007E748D /* MainViewController.m in Sources */ = {isa = PBXBuildFile; fileRef = A1C78E5C1852DB09007E748D /* MainViewController.m */; };
		A1C78E611852E910007E748D /* MainViewController.xib in Resources */ = {isa = PBXBuildFile; fileRef = A1C78E601852E910007E748D /* MainViewController.xib */; };
		A1C78E651852E9AB007E748D /* PhotoDetailsViewController.m in Sources */ = {isa = PBXBuildFile; fileRef = A1C78E631852E9AB007E748D /* PhotoDetailsViewController.m */; };
		A1C78E681852E9E1007E748D /* PhotoDetailsViewController.xib in Resources */ = {isa = PBXBuildFile; fileRef = A1C78E671852E9E1007E748D /* PhotoDetailsViewController.xib */; };
		A1C78E6C1852EF28007E748D /* PhotoSelectionViewController.m in Sources */ = {isa = PBXBuildFile; fileRef = A1C78E6A1852EF28007E748D /* PhotoSelectionViewController.m */; };
		A1C78E6F1852EF6C007E748D /* PhotoSelectionViewController.xib in Resources */ = {isa = PBXBuildFile; fileRef = A1C78E6E1852EF6C007E748D /* PhotoSelectionViewController.xib */; };
		A1C78E7218532561007E748D /* NSData+Base64.m in Sources */ = {isa = PBXBuildFile; fileRef = A1C78E7118532561007E748D /* NSData+Base64.m */; };
		A1C78E75185336CA007E748D /* LocationManager.m in Sources */ = {isa = PBXBuildFile; fileRef = A1C78E74185336C9007E748D /* LocationManager.m */; };
		A1C78E7718533A23007E748D /* CoreLocation.framework in Frameworks */ = {isa = PBXBuildFile; fileRef = A1C78E7618533A23007E748D /* CoreLocation.framework */; };
/* End PBXBuildFile section */

/* Begin PBXContainerItemProxy section */
		A1C78E431852D058007E748D /* PBXContainerItemProxy */ = {
			isa = PBXContainerItemProxy;
			containerPortal = A1C78E121852D058007E748D /* Project object */;
			proxyType = 1;
			remoteGlobalIDString = A1C78E191852D058007E748D;
			remoteInfo = KingTides;
		};
/* End PBXContainerItemProxy section */

/* Begin PBXFileReference section */
		0FDB6D2BF9F648068EEA3B25 /* Pods.xcconfig */ = {isa = PBXFileReference; includeInIndex = 1; lastKnownFileType = text.xcconfig; name = Pods.xcconfig; path = ../Pods/Pods.xcconfig; sourceTree = "<group>"; };
		275F62F30E5446AF947144A0 /* libPods-KingTidesTests.a */ = {isa = PBXFileReference; explicitFileType = archive.ar; includeInIndex = 0; path = "libPods-KingTidesTests.a"; sourceTree = BUILT_PRODUCTS_DIR; };
		2DC1803014A94FD89B2B549D /* UIImage+FixRotation.h */ = {isa = PBXFileReference; fileEncoding = 4; lastKnownFileType = sourcecode.c.h; path = "UIImage+FixRotation.h"; sourceTree = "<group>"; };
		2DC18473F8D9E0DABAACF7AD /* UIImage+FixRotation.m */ = {isa = PBXFileReference; fileEncoding = 4; lastKnownFileType = sourcecode.c.objc; path = "UIImage+FixRotation.m"; sourceTree = "<group>"; };
		7316DA8D418A488C8C7A37E9 /* Pods-KingTidesTests.xcconfig */ = {isa = PBXFileReference; includeInIndex = 1; lastKnownFileType = text.xcconfig; name = "Pods-KingTidesTests.xcconfig"; path = "../Pods/Pods-KingTidesTests.xcconfig"; sourceTree = "<group>"; };
		A1C78E1A1852D058007E748D /* KingTides.app */ = {isa = PBXFileReference; explicitFileType = wrapper.application; includeInIndex = 0; path = KingTides.app; sourceTree = BUILT_PRODUCTS_DIR; };
		A1C78E1D1852D058007E748D /* Foundation.framework */ = {isa = PBXFileReference; lastKnownFileType = wrapper.framework; name = Foundation.framework; path = System/Library/Frameworks/Foundation.framework; sourceTree = SDKROOT; };
		A1C78E1F1852D058007E748D /* CoreGraphics.framework */ = {isa = PBXFileReference; lastKnownFileType = wrapper.framework; name = CoreGraphics.framework; path = System/Library/Frameworks/CoreGraphics.framework; sourceTree = SDKROOT; };
		A1C78E211852D058007E748D /* UIKit.framework */ = {isa = PBXFileReference; lastKnownFileType = wrapper.framework; name = UIKit.framework; path = System/Library/Frameworks/UIKit.framework; sourceTree = SDKROOT; };
		A1C78E251852D058007E748D /* KingTides-Info.plist */ = {isa = PBXFileReference; lastKnownFileType = text.plist.xml; path = "KingTides-Info.plist"; sourceTree = "<group>"; };
		A1C78E271852D058007E748D /* en */ = {isa = PBXFileReference; lastKnownFileType = text.plist.strings; name = en; path = en.lproj/InfoPlist.strings; sourceTree = "<group>"; };
		A1C78E291852D058007E748D /* main.m */ = {isa = PBXFileReference; lastKnownFileType = sourcecode.c.objc; path = main.m; sourceTree = "<group>"; };
		A1C78E2B1852D058007E748D /* KingTides-Prefix.pch */ = {isa = PBXFileReference; lastKnownFileType = sourcecode.c.h; path = "KingTides-Prefix.pch"; sourceTree = "<group>"; };
		A1C78E2C1852D058007E748D /* AppDelegate.h */ = {isa = PBXFileReference; lastKnownFileType = sourcecode.c.h; path = AppDelegate.h; sourceTree = "<group>"; };
		A1C78E2D1852D058007E748D /* AppDelegate.m */ = {isa = PBXFileReference; lastKnownFileType = sourcecode.c.objc; path = AppDelegate.m; sourceTree = "<group>"; };
		A1C78E381852D058007E748D /* Images.xcassets */ = {isa = PBXFileReference; lastKnownFileType = folder.assetcatalog; path = Images.xcassets; sourceTree = "<group>"; };
		A1C78E3E1852D058007E748D /* KingTidesTests.xctest */ = {isa = PBXFileReference; explicitFileType = wrapper.cfbundle; includeInIndex = 0; path = KingTidesTests.xctest; sourceTree = BUILT_PRODUCTS_DIR; };
		A1C78E3F1852D058007E748D /* XCTest.framework */ = {isa = PBXFileReference; lastKnownFileType = wrapper.framework; name = XCTest.framework; path = Library/Frameworks/XCTest.framework; sourceTree = DEVELOPER_DIR; };
		A1C78E471852D058007E748D /* KingTidesTests-Info.plist */ = {isa = PBXFileReference; lastKnownFileType = text.plist.xml; path = "KingTidesTests-Info.plist"; sourceTree = "<group>"; };
		A1C78E491852D058007E748D /* en */ = {isa = PBXFileReference; lastKnownFileType = text.plist.strings; name = en; path = en.lproj/InfoPlist.strings; sourceTree = "<group>"; };
		A1C78E4B1852D058007E748D /* KingTidesTests.m */ = {isa = PBXFileReference; lastKnownFileType = sourcecode.c.objc; path = KingTidesTests.m; sourceTree = "<group>"; };
		A1C78E5B1852DB09007E748D /* MainViewController.h */ = {isa = PBXFileReference; fileEncoding = 4; lastKnownFileType = sourcecode.c.h; name = MainViewController.h; path = Controllers/MainViewController.h; sourceTree = "<group>"; };
		A1C78E5C1852DB09007E748D /* MainViewController.m */ = {isa = PBXFileReference; fileEncoding = 4; lastKnownFileType = sourcecode.c.objc; name = MainViewController.m; path = Controllers/MainViewController.m; sourceTree = "<group>"; };
		A1C78E601852E910007E748D /* MainViewController.xib */ = {isa = PBXFileReference; fileEncoding = 4; lastKnownFileType = file.xib; name = MainViewController.xib; path = Views/MainViewController.xib; sourceTree = "<group>"; };
		A1C78E621852E9AB007E748D /* PhotoDetailsViewController.h */ = {isa = PBXFileReference; fileEncoding = 4; lastKnownFileType = sourcecode.c.h; name = PhotoDetailsViewController.h; path = Controllers/PhotoDetailsViewController.h; sourceTree = "<group>"; };
		A1C78E631852E9AB007E748D /* PhotoDetailsViewController.m */ = {isa = PBXFileReference; fileEncoding = 4; lastKnownFileType = sourcecode.c.objc; name = PhotoDetailsViewController.m; path = Controllers/PhotoDetailsViewController.m; sourceTree = "<group>"; };
		A1C78E671852E9E1007E748D /* PhotoDetailsViewController.xib */ = {isa = PBXFileReference; fileEncoding = 4; lastKnownFileType = file.xib; name = PhotoDetailsViewController.xib; path = Views/PhotoDetailsViewController.xib; sourceTree = "<group>"; };
		A1C78E691852EF28007E748D /* PhotoSelectionViewController.h */ = {isa = PBXFileReference; fileEncoding = 4; lastKnownFileType = sourcecode.c.h; name = PhotoSelectionViewController.h; path = Controllers/PhotoSelectionViewController.h; sourceTree = "<group>"; };
		A1C78E6A1852EF28007E748D /* PhotoSelectionViewController.m */ = {isa = PBXFileReference; fileEncoding = 4; lastKnownFileType = sourcecode.c.objc; name = PhotoSelectionViewController.m; path = Controllers/PhotoSelectionViewController.m; sourceTree = "<group>"; };
		A1C78E6E1852EF6C007E748D /* PhotoSelectionViewController.xib */ = {isa = PBXFileReference; fileEncoding = 4; lastKnownFileType = file.xib; name = PhotoSelectionViewController.xib; path = Views/PhotoSelectionViewController.xib; sourceTree = "<group>"; };
		A1C78E7018532561007E748D /* NSData+Base64.h */ = {isa = PBXFileReference; fileEncoding = 4; lastKnownFileType = sourcecode.c.h; path = "NSData+Base64.h"; sourceTree = "<group>"; };
		A1C78E7118532561007E748D /* NSData+Base64.m */ = {isa = PBXFileReference; fileEncoding = 4; lastKnownFileType = sourcecode.c.objc; path = "NSData+Base64.m"; sourceTree = "<group>"; };
		A1C78E73185336C9007E748D /* LocationManager.h */ = {isa = PBXFileReference; fileEncoding = 4; lastKnownFileType = sourcecode.c.h; path = LocationManager.h; sourceTree = "<group>"; };
		A1C78E74185336C9007E748D /* LocationManager.m */ = {isa = PBXFileReference; fileEncoding = 4; lastKnownFileType = sourcecode.c.objc; path = LocationManager.m; sourceTree = "<group>"; };
		A1C78E7618533A23007E748D /* CoreLocation.framework */ = {isa = PBXFileReference; lastKnownFileType = wrapper.framework; name = CoreLocation.framework; path = System/Library/Frameworks/CoreLocation.framework; sourceTree = SDKROOT; };
		D9122C4D4E5D4BBC96BA43AA /* libPods.a */ = {isa = PBXFileReference; explicitFileType = archive.ar; includeInIndex = 0; path = libPods.a; sourceTree = BUILT_PRODUCTS_DIR; };
/* End PBXFileReference section */

/* Begin PBXFrameworksBuildPhase section */
		A1C78E171852D058007E748D /* Frameworks */ = {
			isa = PBXFrameworksBuildPhase;
			buildActionMask = 2147483647;
			files = (
				A1C78E7718533A23007E748D /* CoreLocation.framework in Frameworks */,
				A1C78E201852D058007E748D /* CoreGraphics.framework in Frameworks */,
				A1C78E221852D058007E748D /* UIKit.framework in Frameworks */,
				A1C78E1E1852D058007E748D /* Foundation.framework in Frameworks */,
				8C562782518E4AF7A4E7632C /* libPods.a in Frameworks */,
			);
			runOnlyForDeploymentPostprocessing = 0;
		};
		A1C78E3B1852D058007E748D /* Frameworks */ = {
			isa = PBXFrameworksBuildPhase;
			buildActionMask = 2147483647;
			files = (
				A1C78E401852D058007E748D /* XCTest.framework in Frameworks */,
				A1C78E421852D058007E748D /* UIKit.framework in Frameworks */,
				A1C78E411852D058007E748D /* Foundation.framework in Frameworks */,
				1B09B32F07FA468492CDCDF7 /* libPods-KingTidesTests.a in Frameworks */,
			);
			runOnlyForDeploymentPostprocessing = 0;
		};
/* End PBXFrameworksBuildPhase section */

/* Begin PBXGroup section */
		2DC181CB2249AA67FBDDEA84 /* Categories */ = {
			isa = PBXGroup;
			children = (
				A1C78E7018532561007E748D /* NSData+Base64.h */,
				A1C78E7118532561007E748D /* NSData+Base64.m */,
				2DC1803014A94FD89B2B549D /* UIImage+FixRotation.h */,
				2DC18473F8D9E0DABAACF7AD /* UIImage+FixRotation.m */,
			);
			path = Categories;
			sourceTree = "<group>";
		};
		A1C78E111852D058007E748D = {
			isa = PBXGroup;
			children = (
				A1C78E231852D058007E748D /* KingTides */,
				A1C78E451852D058007E748D /* KingTidesTests */,
				A1C78E1C1852D058007E748D /* Frameworks */,
				A1C78E1B1852D058007E748D /* Products */,
				0FDB6D2BF9F648068EEA3B25 /* Pods.xcconfig */,
				7316DA8D418A488C8C7A37E9 /* Pods-KingTidesTests.xcconfig */,
			);
			sourceTree = "<group>";
		};
		A1C78E1B1852D058007E748D /* Products */ = {
			isa = PBXGroup;
			children = (
				A1C78E1A1852D058007E748D /* KingTides.app */,
				A1C78E3E1852D058007E748D /* KingTidesTests.xctest */,
			);
			name = Products;
			sourceTree = "<group>";
		};
		A1C78E1C1852D058007E748D /* Frameworks */ = {
			isa = PBXGroup;
			children = (
				A1C78E7618533A23007E748D /* CoreLocation.framework */,
				A1C78E1D1852D058007E748D /* Foundation.framework */,
				A1C78E1F1852D058007E748D /* CoreGraphics.framework */,
				A1C78E211852D058007E748D /* UIKit.framework */,
				A1C78E3F1852D058007E748D /* XCTest.framework */,
				D9122C4D4E5D4BBC96BA43AA /* libPods.a */,
				275F62F30E5446AF947144A0 /* libPods-KingTidesTests.a */,
			);
			name = Frameworks;
			sourceTree = "<group>";
		};
		A1C78E231852D058007E748D /* KingTides */ = {
			isa = PBXGroup;
			children = (
				A1C78E73185336C9007E748D /* LocationManager.h */,
				A1C78E74185336C9007E748D /* LocationManager.m */,
				A1C78E581852D95E007E748D /* Services */,
				A1C78E571852D94E007E748D /* Views */,
				A1C78E561852D922007E748D /* Controllers */,
				A1C78E2C1852D058007E748D /* AppDelegate.h */,
				A1C78E2D1852D058007E748D /* AppDelegate.m */,
				A1C78E381852D058007E748D /* Images.xcassets */,
				A1C78E241852D058007E748D /* Supporting Files */,
				2DC181CB2249AA67FBDDEA84 /* Categories */,
			);
			path = KingTides;
			sourceTree = "<group>";
		};
		A1C78E241852D058007E748D /* Supporting Files */ = {
			isa = PBXGroup;
			children = (
				A1C78E251852D058007E748D /* KingTides-Info.plist */,
				A1C78E261852D058007E748D /* InfoPlist.strings */,
				A1C78E291852D058007E748D /* main.m */,
				A1C78E2B1852D058007E748D /* KingTides-Prefix.pch */,
			);
			name = "Supporting Files";
			sourceTree = "<group>";
		};
		A1C78E451852D058007E748D /* KingTidesTests */ = {
			isa = PBXGroup;
			children = (
				A1C78E4B1852D058007E748D /* KingTidesTests.m */,
				A1C78E461852D058007E748D /* Supporting Files */,
			);
			path = KingTidesTests;
			sourceTree = "<group>";
		};
		A1C78E461852D058007E748D /* Supporting Files */ = {
			isa = PBXGroup;
			children = (
				A1C78E471852D058007E748D /* KingTidesTests-Info.plist */,
				A1C78E481852D058007E748D /* InfoPlist.strings */,
			);
			name = "Supporting Files";
			sourceTree = "<group>";
		};
		A1C78E561852D922007E748D /* Controllers */ = {
			isa = PBXGroup;
			children = (
				A1C78E5B1852DB09007E748D /* MainViewController.h */,
				A1C78E5C1852DB09007E748D /* MainViewController.m */,
				A1C78E621852E9AB007E748D /* PhotoDetailsViewController.h */,
				A1C78E631852E9AB007E748D /* PhotoDetailsViewController.m */,
				A1C78E691852EF28007E748D /* PhotoSelectionViewController.h */,
				A1C78E6A1852EF28007E748D /* PhotoSelectionViewController.m */,
			);
			name = Controllers;
			sourceTree = "<group>";
		};
		A1C78E571852D94E007E748D /* Views */ = {
			isa = PBXGroup;
			children = (
				A1C78E6E1852EF6C007E748D /* PhotoSelectionViewController.xib */,
				A1C78E671852E9E1007E748D /* PhotoDetailsViewController.xib */,
				A1C78E601852E910007E748D /* MainViewController.xib */,
			);
			name = Views;
			sourceTree = "<group>";
		};
		A1C78E581852D95E007E748D /* Services */ = {
			isa = PBXGroup;
			children = (
			);
			name = Services;
			sourceTree = "<group>";
		};
/* End PBXGroup section */

/* Begin PBXNativeTarget section */
		A1C78E191852D058007E748D /* KingTides */ = {
			isa = PBXNativeTarget;
			buildConfigurationList = A1C78E4F1852D058007E748D /* Build configuration list for PBXNativeTarget "KingTides" */;
			buildPhases = (
				E06878C32FD44F1BB28836D6 /* Check Pods Manifest.lock */,
				A1C78E161852D058007E748D /* Sources */,
				A1C78E171852D058007E748D /* Frameworks */,
				A1C78E181852D058007E748D /* Resources */,
				95F4D807AC8648658B3724E3 /* Copy Pods Resources */,
			);
			buildRules = (
			);
			dependencies = (
			);
			name = KingTides;
			productName = KingTides;
			productReference = A1C78E1A1852D058007E748D /* KingTides.app */;
			productType = "com.apple.product-type.application";
		};
		A1C78E3D1852D058007E748D /* KingTidesTests */ = {
			isa = PBXNativeTarget;
			buildConfigurationList = A1C78E521852D058007E748D /* Build configuration list for PBXNativeTarget "KingTidesTests" */;
			buildPhases = (
				4EDA483CF262436F9AC641CF /* Check Pods Manifest.lock */,
				A1C78E3A1852D058007E748D /* Sources */,
				A1C78E3B1852D058007E748D /* Frameworks */,
				A1C78E3C1852D058007E748D /* Resources */,
				A5A847304C4146DBB78CE283 /* Copy Pods Resources */,
			);
			buildRules = (
			);
			dependencies = (
				A1C78E441852D058007E748D /* PBXTargetDependency */,
			);
			name = KingTidesTests;
			productName = KingTidesTests;
			productReference = A1C78E3E1852D058007E748D /* KingTidesTests.xctest */;
			productType = "com.apple.product-type.bundle.unit-test";
		};
/* End PBXNativeTarget section */

/* Begin PBXProject section */
		A1C78E121852D058007E748D /* Project object */ = {
			isa = PBXProject;
			attributes = {
				LastUpgradeCheck = 0500;
				ORGANIZATIONNAME = "Green Cross Australia";
				TargetAttributes = {
					A1C78E3D1852D058007E748D = {
						TestTargetID = A1C78E191852D058007E748D;
					};
				};
			};
			buildConfigurationList = A1C78E151852D058007E748D /* Build configuration list for PBXProject "KingTides" */;
			compatibilityVersion = "Xcode 3.2";
			developmentRegion = English;
			hasScannedForEncodings = 0;
			knownRegions = (
				en,
				Base,
			);
			mainGroup = A1C78E111852D058007E748D;
			productRefGroup = A1C78E1B1852D058007E748D /* Products */;
			projectDirPath = "";
			projectRoot = "";
			targets = (
				A1C78E191852D058007E748D /* KingTides */,
				A1C78E3D1852D058007E748D /* KingTidesTests */,
			);
		};
/* End PBXProject section */

/* Begin PBXResourcesBuildPhase section */
		A1C78E181852D058007E748D /* Resources */ = {
			isa = PBXResourcesBuildPhase;
			buildActionMask = 2147483647;
			files = (
				A1C78E6F1852EF6C007E748D /* PhotoSelectionViewController.xib in Resources */,
				A1C78E391852D058007E748D /* Images.xcassets in Resources */,
				A1C78E611852E910007E748D /* MainViewController.xib in Resources */,
				A1C78E681852E9E1007E748D /* PhotoDetailsViewController.xib in Resources */,
				A1C78E281852D058007E748D /* InfoPlist.strings in Resources */,
			);
			runOnlyForDeploymentPostprocessing = 0;
		};
		A1C78E3C1852D058007E748D /* Resources */ = {
			isa = PBXResourcesBuildPhase;
			buildActionMask = 2147483647;
			files = (
				A1C78E4A1852D058007E748D /* InfoPlist.strings in Resources */,
			);
			runOnlyForDeploymentPostprocessing = 0;
		};
/* End PBXResourcesBuildPhase section */

/* Begin PBXShellScriptBuildPhase section */
		4EDA483CF262436F9AC641CF /* Check Pods Manifest.lock */ = {
			isa = PBXShellScriptBuildPhase;
			buildActionMask = 2147483647;
			files = (
			);
			inputPaths = (
			);
			name = "Check Pods Manifest.lock";
			outputPaths = (
			);
			runOnlyForDeploymentPostprocessing = 0;
			shellPath = /bin/sh;
			shellScript = "diff \"${PODS_ROOT}/../Podfile.lock\" \"${PODS_ROOT}/Manifest.lock\" > /dev/null\nif [[ $? != 0 ]] ; then\n    cat << EOM\nerror: The sandbox is not in sync with the Podfile.lock. Run 'pod install' or update your CocoaPods installation.\nEOM\n    exit 1\nfi\n";
			showEnvVarsInLog = 0;
		};
		95F4D807AC8648658B3724E3 /* Copy Pods Resources */ = {
			isa = PBXShellScriptBuildPhase;
			buildActionMask = 2147483647;
			files = (
			);
			inputPaths = (
			);
			name = "Copy Pods Resources";
			outputPaths = (
			);
			runOnlyForDeploymentPostprocessing = 0;
			shellPath = /bin/sh;
			shellScript = "\"${SRCROOT}/../Pods/Pods-resources.sh\"\n";
			showEnvVarsInLog = 0;
		};
		A5A847304C4146DBB78CE283 /* Copy Pods Resources */ = {
			isa = PBXShellScriptBuildPhase;
			buildActionMask = 2147483647;
			files = (
			);
			inputPaths = (
			);
			name = "Copy Pods Resources";
			outputPaths = (
			);
			runOnlyForDeploymentPostprocessing = 0;
			shellPath = /bin/sh;
			shellScript = "\"${SRCROOT}/../Pods/Pods-KingTidesTests-resources.sh\"\n";
			showEnvVarsInLog = 0;
		};
		E06878C32FD44F1BB28836D6 /* Check Pods Manifest.lock */ = {
			isa = PBXShellScriptBuildPhase;
			buildActionMask = 2147483647;
			files = (
			);
			inputPaths = (
			);
			name = "Check Pods Manifest.lock";
			outputPaths = (
			);
			runOnlyForDeploymentPostprocessing = 0;
			shellPath = /bin/sh;
			shellScript = "diff \"${PODS_ROOT}/../Podfile.lock\" \"${PODS_ROOT}/Manifest.lock\" > /dev/null\nif [[ $? != 0 ]] ; then\n    cat << EOM\nerror: The sandbox is not in sync with the Podfile.lock. Run 'pod install' or update your CocoaPods installation.\nEOM\n    exit 1\nfi\n";
			showEnvVarsInLog = 0;
		};
/* End PBXShellScriptBuildPhase section */

/* Begin PBXSourcesBuildPhase section */
		A1C78E161852D058007E748D /* Sources */ = {
			isa = PBXSourcesBuildPhase;
			buildActionMask = 2147483647;
			files = (
				A1C78E75185336CA007E748D /* LocationManager.m in Sources */,
				A1C78E6C1852EF28007E748D /* PhotoSelectionViewController.m in Sources */,
				A1C78E2E1852D058007E748D /* AppDelegate.m in Sources */,
				A1C78E5E1852DB09007E748D /* MainViewController.m in Sources */,
				A1C78E7218532561007E748D /* NSData+Base64.m in Sources */,
				A1C78E2A1852D058007E748D /* main.m in Sources */,
				2DC18D303FAE81E5AD010009 /* UIImage+FixRotation.m in Sources */,
				A1C78E651852E9AB007E748D /* PhotoDetailsViewController.m in Sources */,
			);
			runOnlyForDeploymentPostprocessing = 0;
		};
		A1C78E3A1852D058007E748D /* Sources */ = {
			isa = PBXSourcesBuildPhase;
			buildActionMask = 2147483647;
			files = (
				A1C78E4C1852D058007E748D /* KingTidesTests.m in Sources */,
			);
			runOnlyForDeploymentPostprocessing = 0;
		};
/* End PBXSourcesBuildPhase section */

/* Begin PBXTargetDependency section */
		A1C78E441852D058007E748D /* PBXTargetDependency */ = {
			isa = PBXTargetDependency;
			target = A1C78E191852D058007E748D /* KingTides */;
			targetProxy = A1C78E431852D058007E748D /* PBXContainerItemProxy */;
		};
/* End PBXTargetDependency section */

/* Begin PBXVariantGroup section */
		A1C78E261852D058007E748D /* InfoPlist.strings */ = {
			isa = PBXVariantGroup;
			children = (
				A1C78E271852D058007E748D /* en */,
			);
			name = InfoPlist.strings;
			sourceTree = "<group>";
		};
		A1C78E481852D058007E748D /* InfoPlist.strings */ = {
			isa = PBXVariantGroup;
			children = (
				A1C78E491852D058007E748D /* en */,
			);
			name = InfoPlist.strings;
			sourceTree = "<group>";
		};
/* End PBXVariantGroup section */

/* Begin XCBuildConfiguration section */
		A1C78E4D1852D058007E748D /* Debug */ = {
			isa = XCBuildConfiguration;
			buildSettings = {
				ALWAYS_SEARCH_USER_PATHS = NO;
				ARCHS = "$(ARCHS_STANDARD_INCLUDING_64_BIT)";
				CLANG_CXX_LANGUAGE_STANDARD = "gnu++0x";
				CLANG_CXX_LIBRARY = "libc++";
				CLANG_ENABLE_MODULES = YES;
				CLANG_ENABLE_OBJC_ARC = YES;
				CLANG_WARN_BOOL_CONVERSION = YES;
				CLANG_WARN_CONSTANT_CONVERSION = YES;
				CLANG_WARN_DIRECT_OBJC_ISA_USAGE = YES_ERROR;
				CLANG_WARN_EMPTY_BODY = YES;
				CLANG_WARN_ENUM_CONVERSION = YES;
				CLANG_WARN_INT_CONVERSION = YES;
				CLANG_WARN_OBJC_ROOT_CLASS = YES_ERROR;
				CLANG_WARN__DUPLICATE_METHOD_MATCH = YES;
				"CODE_SIGN_IDENTITY[sdk=iphoneos*]" = "iPhone Developer";
				COPY_PHASE_STRIP = NO;
				GCC_C_LANGUAGE_STANDARD = gnu99;
				GCC_DYNAMIC_NO_PIC = NO;
				GCC_OPTIMIZATION_LEVEL = 0;
				GCC_PREPROCESSOR_DEFINITIONS = (
					"DEBUG=1",
					"$(inherited)",
				);
				GCC_SYMBOLS_PRIVATE_EXTERN = NO;
				GCC_WARN_64_TO_32_BIT_CONVERSION = YES;
				GCC_WARN_ABOUT_RETURN_TYPE = YES_ERROR;
				GCC_WARN_UNDECLARED_SELECTOR = YES;
				GCC_WARN_UNINITIALIZED_AUTOS = YES;
				GCC_WARN_UNUSED_FUNCTION = YES;
				GCC_WARN_UNUSED_VARIABLE = YES;
				IPHONEOS_DEPLOYMENT_TARGET = 7.0;
				ONLY_ACTIVE_ARCH = YES;
				SDKROOT = iphoneos;
				TARGETED_DEVICE_FAMILY = "1,2";
			};
			name = Debug;
		};
		A1C78E4E1852D058007E748D /* Release */ = {
			isa = XCBuildConfiguration;
			buildSettings = {
				ALWAYS_SEARCH_USER_PATHS = NO;
				ARCHS = "$(ARCHS_STANDARD_INCLUDING_64_BIT)";
				CLANG_CXX_LANGUAGE_STANDARD = "gnu++0x";
				CLANG_CXX_LIBRARY = "libc++";
				CLANG_ENABLE_MODULES = YES;
				CLANG_ENABLE_OBJC_ARC = YES;
				CLANG_WARN_BOOL_CONVERSION = YES;
				CLANG_WARN_CONSTANT_CONVERSION = YES;
				CLANG_WARN_DIRECT_OBJC_ISA_USAGE = YES_ERROR;
				CLANG_WARN_EMPTY_BODY = YES;
				CLANG_WARN_ENUM_CONVERSION = YES;
				CLANG_WARN_INT_CONVERSION = YES;
				CLANG_WARN_OBJC_ROOT_CLASS = YES_ERROR;
				CLANG_WARN__DUPLICATE_METHOD_MATCH = YES;
				"CODE_SIGN_IDENTITY[sdk=iphoneos*]" = "iPhone Developer";
				COPY_PHASE_STRIP = YES;
				ENABLE_NS_ASSERTIONS = NO;
				GCC_C_LANGUAGE_STANDARD = gnu99;
				GCC_WARN_64_TO_32_BIT_CONVERSION = YES;
				GCC_WARN_ABOUT_RETURN_TYPE = YES_ERROR;
				GCC_WARN_UNDECLARED_SELECTOR = YES;
				GCC_WARN_UNINITIALIZED_AUTOS = YES;
				GCC_WARN_UNUSED_FUNCTION = YES;
				GCC_WARN_UNUSED_VARIABLE = YES;
				IPHONEOS_DEPLOYMENT_TARGET = 7.0;
				SDKROOT = iphoneos;
				TARGETED_DEVICE_FAMILY = "1,2";
				VALIDATE_PRODUCT = YES;
			};
			name = Release;
		};
		A1C78E501852D058007E748D /* Debug */ = {
			isa = XCBuildConfiguration;
			baseConfigurationReference = 0FDB6D2BF9F648068EEA3B25 /* Pods.xcconfig */;
			buildSettings = {
				ASSETCATALOG_COMPILER_APPICON_NAME = AppIcon;
				ASSETCATALOG_COMPILER_LAUNCHIMAGE_NAME = LaunchImage;
				GCC_PRECOMPILE_PREFIX_HEADER = YES;
				GCC_PREFIX_HEADER = "KingTides/KingTides-Prefix.pch";
				INFOPLIST_FILE = "KingTides/KingTides-Info.plist";
				PRODUCT_NAME = "$(TARGET_NAME)";
				USER_HEADER_SEARCH_PATHS = "\"${PROJECT_DIR}/../Pods\"/**";
				WRAPPER_EXTENSION = app;
			};
			name = Debug;
		};
		A1C78E511852D058007E748D /* Release */ = {
			isa = XCBuildConfiguration;
			baseConfigurationReference = 0FDB6D2BF9F648068EEA3B25 /* Pods.xcconfig */;
			buildSettings = {
				ASSETCATALOG_COMPILER_APPICON_NAME = AppIcon;
				ASSETCATALOG_COMPILER_LAUNCHIMAGE_NAME = LaunchImage;
				GCC_PRECOMPILE_PREFIX_HEADER = YES;
				GCC_PREFIX_HEADER = "KingTides/KingTides-Prefix.pch";
				INFOPLIST_FILE = "KingTides/KingTides-Info.plist";
				PRODUCT_NAME = "$(TARGET_NAME)";
				USER_HEADER_SEARCH_PATHS = "\"${PROJECT_DIR}/../Pods\"/**";
				WRAPPER_EXTENSION = app;
			};
			name = Release;
		};
		A1C78E531852D058007E748D /* Debug */ = {
			isa = XCBuildConfiguration;
			baseConfigurationReference = 7316DA8D418A488C8C7A37E9 /* Pods-KingTidesTests.xcconfig */;
			buildSettings = {
				ARCHS = "$(ARCHS_STANDARD_INCLUDING_64_BIT)";
				BUNDLE_LOADER = "$(BUILT_PRODUCTS_DIR)/KingTides.app/KingTides";
				FRAMEWORK_SEARCH_PATHS = (
					"$(SDKROOT)/Developer/Library/Frameworks",
					"$(inherited)",
					"$(DEVELOPER_FRAMEWORKS_DIR)",
				);
				GCC_PRECOMPILE_PREFIX_HEADER = YES;
				GCC_PREFIX_HEADER = "KingTides/KingTides-Prefix.pch";
				GCC_PREPROCESSOR_DEFINITIONS = (
					"DEBUG=1",
					"$(inherited)",
				);
				INFOPLIST_FILE = "KingTidesTests/KingTidesTests-Info.plist";
				PRODUCT_NAME = "$(TARGET_NAME)";
				TEST_HOST = "$(BUNDLE_LOADER)";
				WRAPPER_EXTENSION = xctest;
			};
			name = Debug;
		};
		A1C78E541852D058007E748D /* Release */ = {
			isa = XCBuildConfiguration;
			baseConfigurationReference = 7316DA8D418A488C8C7A37E9 /* Pods-KingTidesTests.xcconfig */;
			buildSettings = {
				ARCHS = "$(ARCHS_STANDARD_INCLUDING_64_BIT)";
				BUNDLE_LOADER = "$(BUILT_PRODUCTS_DIR)/KingTides.app/KingTides";
				FRAMEWORK_SEARCH_PATHS = (
					"$(SDKROOT)/Developer/Library/Frameworks",
					"$(inherited)",
					"$(DEVELOPER_FRAMEWORKS_DIR)",
				);
				GCC_PRECOMPILE_PREFIX_HEADER = YES;
				GCC_PREFIX_HEADER = "KingTides/KingTides-Prefix.pch";
				INFOPLIST_FILE = "KingTidesTests/KingTidesTests-Info.plist";
				PRODUCT_NAME = "$(TARGET_NAME)";
				TEST_HOST = "$(BUNDLE_LOADER)";
				WRAPPER_EXTENSION = xctest;
			};
			name = Release;
		};
/* End XCBuildConfiguration section */

/* Begin XCConfigurationList section */
		A1C78E151852D058007E748D /* Build configuration list for PBXProject "KingTides" */ = {
			isa = XCConfigurationList;
			buildConfigurations = (
				A1C78E4D1852D058007E748D /* Debug */,
				A1C78E4E1852D058007E748D /* Release */,
			);
			defaultConfigurationIsVisible = 0;
			defaultConfigurationName = Release;
		};
		A1C78E4F1852D058007E748D /* Build configuration list for PBXNativeTarget "KingTides" */ = {
			isa = XCConfigurationList;
			buildConfigurations = (
				A1C78E501852D058007E748D /* Debug */,
				A1C78E511852D058007E748D /* Release */,
			);
			defaultConfigurationIsVisible = 0;
			defaultConfigurationName = Release;
		};
		A1C78E521852D058007E748D /* Build configuration list for PBXNativeTarget "KingTidesTests" */ = {
			isa = XCConfigurationList;
			buildConfigurations = (
				A1C78E531852D058007E748D /* Debug */,
				A1C78E541852D058007E748D /* Release */,
			);
			defaultConfigurationIsVisible = 0;
			defaultConfigurationName = Release;
		};
/* End XCConfigurationList section */
	};
	rootObject = A1C78E121852D058007E748D /* Project object */;
}
